
Microsoft Visual Studio Solution File, Format Version 12.00
# Visual Studio 15
VisualStudioVersion = 15.0.27130.2010
MinimumVisualStudioVersion = 10.0.40219.1
Project("{FAE04EC0-301F-11D3-BF4B-00C04F79EFBC}") = "SocketConsole", "SocketConsole\SocketConsole.csproj", "{43542CAC-861F-4C42-9C6D-A390F138FDD3}"
EndProject
Project("{2150E333-8FDC-42A3-9474-1A3956D46DE8}") = "Asynchronous", "Asynchronous", "{D4A61277-7DCB-42A5-B518-C03ECA6B383A}"
EndProject
Project("{FAE04EC0-301F-11D3-BF4B-00C04F79EFBC}") = "Server", "Asynchronous\Server\Server.csproj", "{529FAF58-1C82-4F07-AEFA-01589A99BA14}"
EndProject
Project("{FAE04EC0-301F-11D3-BF4B-00C04F79EFBC}") = "Client", "Asynchronous\Client\Client.csproj", "{9C97CADF-3C9A-4B91-97BB-135001820939}"
EndProject
Project("{2150E333-8FDC-42A3-9474-1A3956D46DE8}") = "Command", "Command", "{50C345F2-31A5-4BC7-823D-A236BBBBAE61}"
EndProject
Project("{FAE04EC0-301F-11D3-BF4B-00C04F79EFBC}") = "Server", "Command\Server\Server.csproj", "{1FEECF3C-ACFA-4FCE-86A5-5CCB4B99EC75}"
EndProject
Project("{FAE04EC0-301F-11D3-BF4B-00C04F79EFBC}") = "Client", "Command\Client\Client.csproj", "{69BBC64F-1EEB-4A16-9FCE-7667BA0C0338}"
EndProject
Project("{2150E333-8FDC-42A3-9474-1A3956D46DE8}") = "DbSocket", "DbSocket", "{91E7691E-9A38-4BD3-A386-BAA0126DDB0D}"
EndProject
Project("{FAE04EC0-301F-11D3-BF4B-00C04F79EFBC}") = "Server", "DbSocket\Server\Server.csproj", "{B207E69F-C517-4157-963B-606DAD4B3131}"
EndProject
Project("{FAE04EC0-301F-11D3-BF4B-00C04F79EFBC}") = "Client", "DbSocket\Client\Client.csproj", "{BDDBBF23-D76E-4805-8A70-2868C40CB2E9}"
EndProject
Project("{2150E333-8FDC-42A3-9474-1A3956D46DE8}") = "DbViaSocket", "DbViaSocket", "{6EE9FA2F-2DA3-4B7C-A0F9-01CF135B25CD}"
EndProject
Project("{FAE04EC0-301F-11D3-BF4B-00C04F79EFBC}") = "Server", "DbViaSocket\Server\Server.csproj", "{B508AEDC-BAFE-4014-B008-66AD004A95F7}"
EndProject
Project("{FAE04EC0-301F-11D3-BF4B-00C04F79EFBC}") = "Client", "DbViaSocket\Client\Client.csproj", "{2C45C8E7-48CE-46E3-AED1-53B85E08313B}"
EndProject
Project("{2150E333-8FDC-42A3-9474-1A3956D46DE8}") = "Synchronous", "Synchronous", "{7D5201C8-1E4E-46DA-A50C-A30135AA812D}"
EndProject
Project("{FAE04EC0-301F-11D3-BF4B-00C04F79EFBC}") = "Server", "Synchronous\Server\Server.csproj", "{3FF48D5E-82B1-4916-8EE2-408BCEE5AE9F}"
EndProject
Project("{FAE04EC0-301F-11D3-BF4B-00C04F79EFBC}") = "Client", "Synchronous\Client\Client.csproj", "{53B64284-AEED-4686-A756-86344CEBF8D3}"
EndProject
Project("{2150E333-8FDC-42A3-9474-1A3956D46DE8}") = "TransferFile", "TransferFile", "{039660B7-7E25-4B95-B786-6B1C2DEA1416}"
EndProject
Project("{FAE04EC0-301F-11D3-BF4B-00C04F79EFBC}") = "Server", "TransferFile\Server\Server.csproj", "{F06010F9-F54D-48C4-84E1-8FD28FE464B4}"
EndProject
Project("{FAE04EC0-301F-11D3-BF4B-00C04F79EFBC}") = "Client", "TransferFile\Client\Client.csproj", "{E75EDD56-8765-4FBC-9ECB-7A96459054DA}"
EndProject
Project("{2150E333-8FDC-42A3-9474-1A3956D46DE8}") = "Socket1", "Socket1", "{CBE246B3-9BA9-45CA-8BA1-BBE3D5827567}"
EndProject
Project("{FAE04EC0-301F-11D3-BF4B-00C04F79EFBC}") = "SocketBgw", "SocketBgw\SocketBgw.csproj", "{A6390184-FFBF-4FFE-9A18-DE2FC360DEB8}"
EndProject
Project("{2150E333-8FDC-42A3-9474-1A3956D46DE8}") = "TCP", "TCP", "{1FB65F54-51A0-4CE4-B3DC-7A180B060B37}"
EndProject
Project("{FAE04EC0-301F-11D3-BF4B-00C04F79EFBC}") = "Client", "TCP\Client\Client.csproj", "{D434E04D-CFEC-4ED8-8414-C5D9BDF9112C}"
EndProject
Project("{FAE04EC0-301F-11D3-BF4B-00C04F79EFBC}") = "Service", "TCP\Service\Service.csproj", "{9A04B8FE-B0C0-44A4-A6FA-D85EDE7DD149}"
EndProject
Project("{FAE04EC0-301F-11D3-BF4B-00C04F79EFBC}") = "SGSclient", "TCP\SGSclient\SGSclient.csproj", "{54844CFE-48B1-4762-B092-11F0471B058C}"
EndProject
Project("{FAE04EC0-301F-11D3-BF4B-00C04F79EFBC}") = "SGSserver", "TCP\SGSserver\SGSserver.csproj", "{0730DB64-8173-4788-962D-2F6776F9F516}"
EndProject
Project("{2150E333-8FDC-42A3-9474-1A3956D46DE8}") = "FileSocket", "FileSocket", "{A0A6DA9D-41E2-4224-A576-D7FB8BF60584}"
EndProject
Project("{FAE04EC0-301F-11D3-BF4B-00C04F79EFBC}") = "SendFiles", "FileSocket\SendFiles\SendFiles.csproj", "{CBF95D7D-4376-4B61-89E2-A0168D5AFEF8}"
EndProject
Project("{FAE04EC0-301F-11D3-BF4B-00C04F79EFBC}") = "ReceiveFiles", "FileSocket\ReceiveFiles\ReceiveFiles.csproj", "{49FADF7B-B738-495A-A37E-DF957D7E7C07}"
EndProject
Project("{2150E333-8FDC-42A3-9474-1A3956D46DE8}") = "Socket2", "Socket2", "{F87A7478-3109-4C59-8B12-DC236E051ABF}"
EndProject
Project("{FAE04EC0-301F-11D3-BF4B-00C04F79EFBC}") = "SocketClientProj", "Socket2\SocketClient\SocketClientProj.csproj", "{BC18B6E3-A11E-4F1C-9710-DBF46ED1472A}"
EndProject
Project("{FAE04EC0-301F-11D3-BF4B-00C04F79EFBC}") = "SocketServer", "Socket2\SocketServer\SocketServer.csproj", "{CF77DA73-EF59-409A-9BF3-8E26451D2593}"
EndProject
Project("{2150E333-8FDC-42A3-9474-1A3956D46DE8}") = "SocketAsync", "SocketAsync", "{BF1FE7DC-7FAB-48D1-9CB8-C859A2DE3BC5}"
EndProject
Project("{FAE04EC0-301F-11D3-BF4B-00C04F79EFBC}") = "SocketServer", "SocketAsync\SocketServer\SocketServer.csproj", "{BF330897-5070-4A0F-B415-95DDD8EB3372}"
EndProject
Project("{FAE04EC0-301F-11D3-BF4B-00C04F79EFBC}") = "AsyncClient", "SocketAsync\AsyncClient\AsyncClient.csproj", "{6FB23B66-CC8E-4CDB-B4A0-97A28A95D581}"
EndProject
Project("{FAE04EC0-301F-11D3-BF4B-00C04F79EFBC}") = "Client", "Socket1\Client\Client.csproj", "{E0F0AD5C-D408-4A66-BDD1-5A3B4074E6EA}"
EndProject
Project("{FAE04EC0-301F-11D3-BF4B-00C04F79EFBC}") = "Server", "Socket1\Server\Server.csproj", "{521FCDB1-9408-4011-8308-54A88430ADA5}"
EndProject
Project("{FAE04EC0-301F-11D3-BF4B-00C04F79EFBC}") = "Sockets", "Sockets\Sockets.csproj", "{77D64EE4-2779-4E84-98CE-C8A986308882}"
EndProject
Project("{2150E333-8FDC-42A3-9474-1A3956D46DE8}") = "SocketAsync2", "SocketAsync2", "{73BD539F-62F7-4503-8369-B3FA17110F20}"
EndProject
Project("{FAE04EC0-301F-11D3-BF4B-00C04F79EFBC}") = "SocketAsyncClient", "SocketAsync2\SocketAsyncClient\SocketAsyncClient.csproj", "{6983C031-9321-4AC2-AF72-3C7FCF6FC1E2}"
EndProject
Project("{FAE04EC0-301F-11D3-BF4B-00C04F79EFBC}") = "SocketAsyncServer", "SocketAsync2\SocketAsyncServer\SocketAsyncServer.csproj", "{5FFE844E-4674-4A69-9F18-2122C5C27BC8}"
EndProject
Project("{2150E333-8FDC-42A3-9474-1A3956D46DE8}") = "Chat", "Chat", "{DD61FC0E-5F0E-497E-850E-0424E95424E6}"
EndProject
Project("{FAE04EC0-301F-11D3-BF4B-00C04F79EFBC}") = "ChatLibrary", "Chat\ChatLibrary\ChatLibrary.csproj", "{99F33DD1-719E-456C-9164-2E96E15F524A}"
EndProject
Project("{FAE04EC0-301F-11D3-BF4B-00C04F79EFBC}") = "Server", "Chat\Server\Server.csproj", "{1FD08AC5-F5DC-4A9D-9883-FD55AE14B526}"
EndProject
Project("{FAE04EC0-301F-11D3-BF4B-00C04F79EFBC}") = "Client", "Chat\Client\Client.csproj", "{9202A56F-EF37-4B6F-AF2A-5AF8A844546A}"
EndProject
Project("{FAE04EC0-301F-11D3-BF4B-00C04F79EFBC}") = "ChatRoomApplication", "Chat\ChatRoomApplication\ChatRoomApplication.csproj", "{CAFD7B82-CE5A-4914-BF8E-661C6A156B5C}"
EndProject
Project("{2150E333-8FDC-42A3-9474-1A3956D46DE8}") = "SocketMultiple", "SocketMultiple", "{2AEE08F8-5D9C-44D3-9F15-74F31D6D98A0}"
EndProject
Project("{FAE04EC0-301F-11D3-BF4B-00C04F79EFBC}") = "Communication.Sockets.Core", "SocketMultiple\Communication.Sockets.Core\Communication.Sockets.Core.csproj", "{DC7B20D0-B1D4-40E1-AF98-7C4DB3291A8D}"
EndProject
Project("{FAE04EC0-301F-11D3-BF4B-00C04F79EFBC}") = "ProjectA.ClientHost", "SocketMultiple\ProjectA.ClientHost\ProjectA.ClientHost.csproj", "{18F628C8-FD7C-44BC-8D1E-044A701FB864}"
EndProject
Project("{FAE04EC0-301F-11D3-BF4B-00C04F79EFBC}") = "ProjectA.ServerHost", "SocketMultiple\ProjectA.ServerHost\ProjectA.ServerHost.csproj", "{CB873AC9-C282-45BD-B35C-747B7D4AE2EE}"
EndProject
Project("{2150E333-8FDC-42A3-9474-1A3956D46DE8}") = "PublishSubscribe", "PublishSubscribe", "{A5E2C705-9196-4750-9B80-3449A3B26506}"
EndProject
Project("{FAE04EC0-301F-11D3-BF4B-00C04F79EFBC}") = "BrokerWinForm", "PublishSubscribe\BrokerWinForm\BrokerWinForm.csproj", "{E3334D5D-CA6E-4646-A682-49C55FB269A6}"
EndProject
Project("{FAE04EC0-301F-11D3-BF4B-00C04F79EFBC}") = "PublisherWinForm", "PublishSubscribe\PublisherWinForm\PublisherWinForm.csproj", "{58E842E9-6B0A-4BCA-A5CA-7A73F3063186}"
EndProject
Project("{FAE04EC0-301F-11D3-BF4B-00C04F79EFBC}") = "SubscriberWinForm", "PublishSubscribe\SubscriberWinForm\SubscriberWinForm.csproj", "{785B6DED-3A26-465A-9681-196B5039C256}"
EndProject
Project("{2150E333-8FDC-42A3-9474-1A3956D46DE8}") = "SocketCommunication", "SocketCommunication", "{3907E4D2-1BB9-4CE2-9CDD-47F5416EA80C}"
EndProject
Project("{FAE04EC0-301F-11D3-BF4B-00C04F79EFBC}") = "Core", "SocketCommunication\Core\Core.csproj", "{9DD7BFE5-184F-4F92-A612-1AB9F13C12B0}"
EndProject
Project("{FAE04EC0-301F-11D3-BF4B-00C04F79EFBC}") = "ClientHost", "SocketCommunication\ClientHost\ClientHost.csproj", "{CEF44002-F0DF-474D-B865-FD58077D9A1E}"
EndProject
Project("{FAE04EC0-301F-11D3-BF4B-00C04F79EFBC}") = "ServerHost", "SocketCommunication\ServerHost\ServerHost.csproj", "{18E0249F-9B17-4A9F-B6D8-65B2420E431D}"
EndProject
Project("{2150E333-8FDC-42A3-9474-1A3956D46DE8}") = "SocketMultipleClient", "SocketMultipleClient", "{8040696D-3037-4A4E-9269-0186B69D5670}"
EndProject
Project("{FAE04EC0-301F-11D3-BF4B-00C04F79EFBC}") = "SocketCore", "SocketsMultipleClients\SocketCore\SocketCore.csproj", "{62B0DAC4-1FD7-4D5A-BFE3-4DD1A96584E1}"
EndProject
Project("{FAE04EC0-301F-11D3-BF4B-00C04F79EFBC}") = "Server", "SocketsMultipleClients\Server\Server.csproj", "{52E0B31D-5379-45BA-9026-CADA02CBB95D}"
EndProject
Project("{FAE04EC0-301F-11D3-BF4B-00C04F79EFBC}") = "Client", "SocketsMultipleClients\Client\Client.csproj", "{F9CB03BC-D693-4251-9F5E-E2856E0402C9}"
EndProject
Project("{2150E333-8FDC-42A3-9474-1A3956D46DE8}") = "AsyncClientServer", "AsyncClientServer", "{ED7CF7A9-7446-4730-B077-0FA601D636A5}"
EndProject
Project("{FAE04EC0-301F-11D3-BF4B-00C04F79EFBC}") = "AsyncClientServer", "AsyncClientServer\AsyncClientServer\AsyncClientServer.csproj", "{834C161E-5905-4E7B-8B76-11FBABDBEF65}"
EndProject
Project("{FAE04EC0-301F-11D3-BF4B-00C04F79EFBC}") = "AsyncClientServerTest", "AsyncClientServer\AsyncClientServerTest\AsyncClientServerTest.csproj", "{3FE47EDF-599B-44AD-9CBE-43F13D99AC2F}"
EndProject
Project("{2150E333-8FDC-42A3-9474-1A3956D46DE8}") = "TCPUDP", "TCPUDP", "{80DAD240-C4C9-4613-B237-D0AF29C07F5C}"
EndProject
Project("{FAE04EC0-301F-11D3-BF4B-00C04F79EFBC}") = "TcpUdpServer", "TCPUDP\TcpUdpServer\TcpUdpServer.csproj", "{ED7AB774-9AD1-4C6D-B1D2-1CE18C72690E}"
EndProject
Project("{FAE04EC0-301F-11D3-BF4B-00C04F79EFBC}") = "TcpUdpClient", "TCPUDP\TcpUdpClient\TcpUdpClient.csproj", "{DD7DDCC0-CBDE-4A87-B469-DD0CFF1AAC94}"
EndProject
Project("{2150E333-8FDC-42A3-9474-1A3956D46DE8}") = "MultiThread", "MultiThread", "{286D0A31-68CF-4432-A49D-02912D438BD5}"
EndProject
Project("{FAE04EC0-301F-11D3-BF4B-00C04F79EFBC}") = "MultiThread.Server", "MultiThread\Server\MultiThread.Server.csproj", "{FE912142-69B6-4FEC-89B0-7EDA1BE0EC1D}"
EndProject
Project("{FAE04EC0-301F-11D3-BF4B-00C04F79EFBC}") = "MultiThread.Client", "MultiThread\Client\MultiThread.Client.csproj", "{CDB55BB0-551F-40C1-9FD5-138268B048B5}"
EndProject
Project("{2150E333-8FDC-42A3-9474-1A3956D46DE8}") = "Monitoring", "Monitoring", "{95E70194-E0D6-4621-8EB8-E5E6AB892CF4}"
EndProject
Project("{FAE04EC0-301F-11D3-BF4B-00C04F79EFBC}") = "Monitoring.Server", "Monitoring\Server\Monitoring.Server.csproj", "{B59FCE45-F816-4B93-8182-4D884F0C076B}"
EndProject
Project("{FAE04EC0-301F-11D3-BF4B-00C04F79EFBC}") = "Monitoring.ClientWPF", "Monitoring\ClientWPF\Monitoring.ClientWPF.csproj", "{D8237AB8-79B6-4ED2-BB94-47404BA276CA}"
EndProject
Project("{2150E333-8FDC-42A3-9474-1A3956D46DE8}") = "Socket", "Socket", "{BA338EDE-0CF6-412E-BDC4-BBAB52A29C51}"
EndProject
Project("{FAE04EC0-301F-11D3-BF4B-00C04F79EFBC}") = "SocketCore", "Socket\SocketCore\SocketCore.csproj", "{AF463F31-7229-4F98-B4F8-FD9C3345BDCF}"
EndProject
Project("{FAE04EC0-301F-11D3-BF4B-00C04F79EFBC}") = "Server", "Socket\Server\Server.csproj", "{55F06EA8-4679-43EB-B55D-7C00A88DA823}"
EndProject
Project("{FAE04EC0-301F-11D3-BF4B-00C04F79EFBC}") = "Client", "Socket\Client\Client.csproj", "{4112DC9F-0647-4FF6-AC96-8A22D24081B2}"
EndProject
Project("{FAE04EC0-301F-11D3-BF4B-00C04F79EFBC}") = "NetworkConsole", "NetworkConsole\NetworkConsole.csproj", "{529CAB9E-B59F-41CF-8A01-FCB3E823CACC}"
EndProject
Project("{2150E333-8FDC-42A3-9474-1A3956D46DE8}") = "FileTransfer", "FileTransfer", "{D192AF82-38BC-455D-AF0A-77635F31440B}"
EndProject
Project("{FAE04EC0-301F-11D3-BF4B-00C04F79EFBC}") = "FTServerCode", "FileTransfer\FTServerCode\FTServerCode.csproj", "{346AB167-4F54-4880-B17A-5C28FDB4D2BB}"
EndProject
Project("{FAE04EC0-301F-11D3-BF4B-00C04F79EFBC}") = "FTClientCode", "FileTransfer\FTClientCode\FTClientCode.csproj", "{A993493B-F6C8-430C-BA3A-389F3E8CBA8F}"
EndProject
Project("{2150E333-8FDC-42A3-9474-1A3956D46DE8}") = "TCPIP", "TCPIP", "{A53A2454-B2B4-40CA-B819-BEF6FA401D0D}"
EndProject
Project("{FAE04EC0-301F-11D3-BF4B-00C04F79EFBC}") = "CommonClassLibs", "TCPIP\CommonClassLibs\CommonClassLibs.csproj", "{982ABBFD-9569-4725-AEAD-5BB75DC18A7D}"
EndProject
Project("{FAE04EC0-301F-11D3-BF4B-00C04F79EFBC}") = "TCPIPClient", "TCPIP\TCPIPClient\TCPIPClient.csproj", "{46830595-D4F0-4F6D-9B96-96ECCA271DBB}"
EndProject
Project("{FAE04EC0-301F-11D3-BF4B-00C04F79EFBC}") = "TCPIPServer", "TCPIP\TCPIPServer\TCPIPServer.csproj", "{5A2A9EEE-09F0-40C1-AA86-A6DE35178CC1}"
EndProject
Project("{2150E333-8FDC-42A3-9474-1A3956D46DE8}") = "AsynchronousMultiClient", "AsynchronousMultiClient", "{0839BB21-AA55-403C-9332-46F589A431BB}"
EndProject
Project("{FAE04EC0-301F-11D3-BF4B-00C04F79EFBC}") = "TCPServer", "AsynchronousMultiClient\TCPServer\TCPServer.csproj", "{48D1E99E-2FAD-481F-B5D4-AB72AB017EBE}"
EndProject
Project("{FAE04EC0-301F-11D3-BF4B-00C04F79EFBC}") = "TCPClient", "AsynchronousMultiClient\TCPClient\TCPClient.csproj", "{683C64F4-9881-42B4-88F5-626786B4524D}"
EndProject
Global
	GlobalSection(SolutionConfigurationPlatforms) = preSolution
		Debug|Any CPU = Debug|Any CPU
		Debug|x64 = Debug|x64
		Debug|x86 = Debug|x86
		Release|Any CPU = Release|Any CPU
		Release|x64 = Release|x64
		Release|x86 = Release|x86
	EndGlobalSection
	GlobalSection(ProjectConfigurationPlatforms) = postSolution
		{43542CAC-861F-4C42-9C6D-A390F138FDD3}.Debug|Any CPU.ActiveCfg = Debug|Any CPU
		{43542CAC-861F-4C42-9C6D-A390F138FDD3}.Debug|Any CPU.Build.0 = Debug|Any CPU
		{43542CAC-861F-4C42-9C6D-A390F138FDD3}.Debug|x64.ActiveCfg = Debug|Any CPU
		{43542CAC-861F-4C42-9C6D-A390F138FDD3}.Debug|x64.Build.0 = Debug|Any CPU
		{43542CAC-861F-4C42-9C6D-A390F138FDD3}.Debug|x86.ActiveCfg = Debug|Any CPU
		{43542CAC-861F-4C42-9C6D-A390F138FDD3}.Debug|x86.Build.0 = Debug|Any CPU
		{43542CAC-861F-4C42-9C6D-A390F138FDD3}.Release|Any CPU.ActiveCfg = Release|Any CPU
		{43542CAC-861F-4C42-9C6D-A390F138FDD3}.Release|Any CPU.Build.0 = Release|Any CPU
		{43542CAC-861F-4C42-9C6D-A390F138FDD3}.Release|x64.ActiveCfg = Release|Any CPU
		{43542CAC-861F-4C42-9C6D-A390F138FDD3}.Release|x64.Build.0 = Release|Any CPU
		{43542CAC-861F-4C42-9C6D-A390F138FDD3}.Release|x86.ActiveCfg = Release|Any CPU
		{43542CAC-861F-4C42-9C6D-A390F138FDD3}.Release|x86.Build.0 = Release|Any CPU
		{529FAF58-1C82-4F07-AEFA-01589A99BA14}.Debug|Any CPU.ActiveCfg = Debug|Any CPU
		{529FAF58-1C82-4F07-AEFA-01589A99BA14}.Debug|Any CPU.Build.0 = Debug|Any CPU
		{529FAF58-1C82-4F07-AEFA-01589A99BA14}.Debug|x64.ActiveCfg = Debug|Any CPU
		{529FAF58-1C82-4F07-AEFA-01589A99BA14}.Debug|x64.Build.0 = Debug|Any CPU
		{529FAF58-1C82-4F07-AEFA-01589A99BA14}.Debug|x86.ActiveCfg = Debug|Any CPU
		{529FAF58-1C82-4F07-AEFA-01589A99BA14}.Debug|x86.Build.0 = Debug|Any CPU
		{529FAF58-1C82-4F07-AEFA-01589A99BA14}.Release|Any CPU.ActiveCfg = Release|Any CPU
		{529FAF58-1C82-4F07-AEFA-01589A99BA14}.Release|Any CPU.Build.0 = Release|Any CPU
		{529FAF58-1C82-4F07-AEFA-01589A99BA14}.Release|x64.ActiveCfg = Release|Any CPU
		{529FAF58-1C82-4F07-AEFA-01589A99BA14}.Release|x64.Build.0 = Release|Any CPU
		{529FAF58-1C82-4F07-AEFA-01589A99BA14}.Release|x86.ActiveCfg = Release|Any CPU
		{529FAF58-1C82-4F07-AEFA-01589A99BA14}.Release|x86.Build.0 = Release|Any CPU
		{9C97CADF-3C9A-4B91-97BB-135001820939}.Debug|Any CPU.ActiveCfg = Debug|Any CPU
		{9C97CADF-3C9A-4B91-97BB-135001820939}.Debug|Any CPU.Build.0 = Debug|Any CPU
		{9C97CADF-3C9A-4B91-97BB-135001820939}.Debug|x64.ActiveCfg = Debug|Any CPU
		{9C97CADF-3C9A-4B91-97BB-135001820939}.Debug|x64.Build.0 = Debug|Any CPU
		{9C97CADF-3C9A-4B91-97BB-135001820939}.Debug|x86.ActiveCfg = Debug|Any CPU
		{9C97CADF-3C9A-4B91-97BB-135001820939}.Debug|x86.Build.0 = Debug|Any CPU
		{9C97CADF-3C9A-4B91-97BB-135001820939}.Release|Any CPU.ActiveCfg = Release|Any CPU
		{9C97CADF-3C9A-4B91-97BB-135001820939}.Release|Any CPU.Build.0 = Release|Any CPU
		{9C97CADF-3C9A-4B91-97BB-135001820939}.Release|x64.ActiveCfg = Release|Any CPU
		{9C97CADF-3C9A-4B91-97BB-135001820939}.Release|x64.Build.0 = Release|Any CPU
		{9C97CADF-3C9A-4B91-97BB-135001820939}.Release|x86.ActiveCfg = Release|Any CPU
		{9C97CADF-3C9A-4B91-97BB-135001820939}.Release|x86.Build.0 = Release|Any CPU
		{1FEECF3C-ACFA-4FCE-86A5-5CCB4B99EC75}.Debug|Any CPU.ActiveCfg = Debug|Any CPU
		{1FEECF3C-ACFA-4FCE-86A5-5CCB4B99EC75}.Debug|Any CPU.Build.0 = Debug|Any CPU
		{1FEECF3C-ACFA-4FCE-86A5-5CCB4B99EC75}.Debug|x64.ActiveCfg = Debug|Any CPU
		{1FEECF3C-ACFA-4FCE-86A5-5CCB4B99EC75}.Debug|x64.Build.0 = Debug|Any CPU
		{1FEECF3C-ACFA-4FCE-86A5-5CCB4B99EC75}.Debug|x86.ActiveCfg = Debug|Any CPU
		{1FEECF3C-ACFA-4FCE-86A5-5CCB4B99EC75}.Debug|x86.Build.0 = Debug|Any CPU
		{1FEECF3C-ACFA-4FCE-86A5-5CCB4B99EC75}.Release|Any CPU.ActiveCfg = Release|Any CPU
		{1FEECF3C-ACFA-4FCE-86A5-5CCB4B99EC75}.Release|Any CPU.Build.0 = Release|Any CPU
		{1FEECF3C-ACFA-4FCE-86A5-5CCB4B99EC75}.Release|x64.ActiveCfg = Release|Any CPU
		{1FEECF3C-ACFA-4FCE-86A5-5CCB4B99EC75}.Release|x64.Build.0 = Release|Any CPU
		{1FEECF3C-ACFA-4FCE-86A5-5CCB4B99EC75}.Release|x86.ActiveCfg = Release|Any CPU
		{1FEECF3C-ACFA-4FCE-86A5-5CCB4B99EC75}.Release|x86.Build.0 = Release|Any CPU
		{69BBC64F-1EEB-4A16-9FCE-7667BA0C0338}.Debug|Any CPU.ActiveCfg = Debug|Any CPU
		{69BBC64F-1EEB-4A16-9FCE-7667BA0C0338}.Debug|Any CPU.Build.0 = Debug|Any CPU
		{69BBC64F-1EEB-4A16-9FCE-7667BA0C0338}.Debug|x64.ActiveCfg = Debug|Any CPU
		{69BBC64F-1EEB-4A16-9FCE-7667BA0C0338}.Debug|x64.Build.0 = Debug|Any CPU
		{69BBC64F-1EEB-4A16-9FCE-7667BA0C0338}.Debug|x86.ActiveCfg = Debug|Any CPU
		{69BBC64F-1EEB-4A16-9FCE-7667BA0C0338}.Debug|x86.Build.0 = Debug|Any CPU
		{69BBC64F-1EEB-4A16-9FCE-7667BA0C0338}.Release|Any CPU.ActiveCfg = Release|Any CPU
		{69BBC64F-1EEB-4A16-9FCE-7667BA0C0338}.Release|Any CPU.Build.0 = Release|Any CPU
		{69BBC64F-1EEB-4A16-9FCE-7667BA0C0338}.Release|x64.ActiveCfg = Release|Any CPU
		{69BBC64F-1EEB-4A16-9FCE-7667BA0C0338}.Release|x64.Build.0 = Release|Any CPU
		{69BBC64F-1EEB-4A16-9FCE-7667BA0C0338}.Release|x86.ActiveCfg = Release|Any CPU
		{69BBC64F-1EEB-4A16-9FCE-7667BA0C0338}.Release|x86.Build.0 = Release|Any CPU
		{B207E69F-C517-4157-963B-606DAD4B3131}.Debug|Any CPU.ActiveCfg = Debug|Any CPU
		{B207E69F-C517-4157-963B-606DAD4B3131}.Debug|Any CPU.Build.0 = Debug|Any CPU
		{B207E69F-C517-4157-963B-606DAD4B3131}.Debug|x64.ActiveCfg = Debug|Any CPU
		{B207E69F-C517-4157-963B-606DAD4B3131}.Debug|x64.Build.0 = Debug|Any CPU
		{B207E69F-C517-4157-963B-606DAD4B3131}.Debug|x86.ActiveCfg = Debug|Any CPU
		{B207E69F-C517-4157-963B-606DAD4B3131}.Debug|x86.Build.0 = Debug|Any CPU
		{B207E69F-C517-4157-963B-606DAD4B3131}.Release|Any CPU.ActiveCfg = Release|Any CPU
		{B207E69F-C517-4157-963B-606DAD4B3131}.Release|Any CPU.Build.0 = Release|Any CPU
		{B207E69F-C517-4157-963B-606DAD4B3131}.Release|x64.ActiveCfg = Release|Any CPU
		{B207E69F-C517-4157-963B-606DAD4B3131}.Release|x64.Build.0 = Release|Any CPU
		{B207E69F-C517-4157-963B-606DAD4B3131}.Release|x86.ActiveCfg = Release|Any CPU
		{B207E69F-C517-4157-963B-606DAD4B3131}.Release|x86.Build.0 = Release|Any CPU
		{BDDBBF23-D76E-4805-8A70-2868C40CB2E9}.Debug|Any CPU.ActiveCfg = Debug|Any CPU
		{BDDBBF23-D76E-4805-8A70-2868C40CB2E9}.Debug|Any CPU.Build.0 = Debug|Any CPU
		{BDDBBF23-D76E-4805-8A70-2868C40CB2E9}.Debug|x64.ActiveCfg = Debug|Any CPU
		{BDDBBF23-D76E-4805-8A70-2868C40CB2E9}.Debug|x64.Build.0 = Debug|Any CPU
		{BDDBBF23-D76E-4805-8A70-2868C40CB2E9}.Debug|x86.ActiveCfg = Debug|Any CPU
		{BDDBBF23-D76E-4805-8A70-2868C40CB2E9}.Debug|x86.Build.0 = Debug|Any CPU
		{BDDBBF23-D76E-4805-8A70-2868C40CB2E9}.Release|Any CPU.ActiveCfg = Release|Any CPU
		{BDDBBF23-D76E-4805-8A70-2868C40CB2E9}.Release|Any CPU.Build.0 = Release|Any CPU
		{BDDBBF23-D76E-4805-8A70-2868C40CB2E9}.Release|x64.ActiveCfg = Release|Any CPU
		{BDDBBF23-D76E-4805-8A70-2868C40CB2E9}.Release|x64.Build.0 = Release|Any CPU
		{BDDBBF23-D76E-4805-8A70-2868C40CB2E9}.Release|x86.ActiveCfg = Release|Any CPU
		{BDDBBF23-D76E-4805-8A70-2868C40CB2E9}.Release|x86.Build.0 = Release|Any CPU
		{B508AEDC-BAFE-4014-B008-66AD004A95F7}.Debug|Any CPU.ActiveCfg = Debug|Any CPU
		{B508AEDC-BAFE-4014-B008-66AD004A95F7}.Debug|Any CPU.Build.0 = Debug|Any CPU
		{B508AEDC-BAFE-4014-B008-66AD004A95F7}.Debug|x64.ActiveCfg = Debug|Any CPU
		{B508AEDC-BAFE-4014-B008-66AD004A95F7}.Debug|x64.Build.0 = Debug|Any CPU
		{B508AEDC-BAFE-4014-B008-66AD004A95F7}.Debug|x86.ActiveCfg = Debug|Any CPU
		{B508AEDC-BAFE-4014-B008-66AD004A95F7}.Debug|x86.Build.0 = Debug|Any CPU
		{B508AEDC-BAFE-4014-B008-66AD004A95F7}.Release|Any CPU.ActiveCfg = Release|Any CPU
		{B508AEDC-BAFE-4014-B008-66AD004A95F7}.Release|Any CPU.Build.0 = Release|Any CPU
		{B508AEDC-BAFE-4014-B008-66AD004A95F7}.Release|x64.ActiveCfg = Release|Any CPU
		{B508AEDC-BAFE-4014-B008-66AD004A95F7}.Release|x64.Build.0 = Release|Any CPU
		{B508AEDC-BAFE-4014-B008-66AD004A95F7}.Release|x86.ActiveCfg = Release|Any CPU
		{B508AEDC-BAFE-4014-B008-66AD004A95F7}.Release|x86.Build.0 = Release|Any CPU
		{2C45C8E7-48CE-46E3-AED1-53B85E08313B}.Debug|Any CPU.ActiveCfg = Debug|Any CPU
		{2C45C8E7-48CE-46E3-AED1-53B85E08313B}.Debug|Any CPU.Build.0 = Debug|Any CPU
		{2C45C8E7-48CE-46E3-AED1-53B85E08313B}.Debug|x64.ActiveCfg = Debug|Any CPU
		{2C45C8E7-48CE-46E3-AED1-53B85E08313B}.Debug|x64.Build.0 = Debug|Any CPU
		{2C45C8E7-48CE-46E3-AED1-53B85E08313B}.Debug|x86.ActiveCfg = Debug|Any CPU
		{2C45C8E7-48CE-46E3-AED1-53B85E08313B}.Debug|x86.Build.0 = Debug|Any CPU
		{2C45C8E7-48CE-46E3-AED1-53B85E08313B}.Release|Any CPU.ActiveCfg = Release|Any CPU
		{2C45C8E7-48CE-46E3-AED1-53B85E08313B}.Release|Any CPU.Build.0 = Release|Any CPU
		{2C45C8E7-48CE-46E3-AED1-53B85E08313B}.Release|x64.ActiveCfg = Release|Any CPU
		{2C45C8E7-48CE-46E3-AED1-53B85E08313B}.Release|x64.Build.0 = Release|Any CPU
		{2C45C8E7-48CE-46E3-AED1-53B85E08313B}.Release|x86.ActiveCfg = Release|Any CPU
		{2C45C8E7-48CE-46E3-AED1-53B85E08313B}.Release|x86.Build.0 = Release|Any CPU
		{3FF48D5E-82B1-4916-8EE2-408BCEE5AE9F}.Debug|Any CPU.ActiveCfg = Debug|Any CPU
		{3FF48D5E-82B1-4916-8EE2-408BCEE5AE9F}.Debug|Any CPU.Build.0 = Debug|Any CPU
		{3FF48D5E-82B1-4916-8EE2-408BCEE5AE9F}.Debug|x64.ActiveCfg = Debug|Any CPU
		{3FF48D5E-82B1-4916-8EE2-408BCEE5AE9F}.Debug|x64.Build.0 = Debug|Any CPU
		{3FF48D5E-82B1-4916-8EE2-408BCEE5AE9F}.Debug|x86.ActiveCfg = Debug|Any CPU
		{3FF48D5E-82B1-4916-8EE2-408BCEE5AE9F}.Debug|x86.Build.0 = Debug|Any CPU
		{3FF48D5E-82B1-4916-8EE2-408BCEE5AE9F}.Release|Any CPU.ActiveCfg = Release|Any CPU
		{3FF48D5E-82B1-4916-8EE2-408BCEE5AE9F}.Release|Any CPU.Build.0 = Release|Any CPU
		{3FF48D5E-82B1-4916-8EE2-408BCEE5AE9F}.Release|x64.ActiveCfg = Release|Any CPU
		{3FF48D5E-82B1-4916-8EE2-408BCEE5AE9F}.Release|x64.Build.0 = Release|Any CPU
		{3FF48D5E-82B1-4916-8EE2-408BCEE5AE9F}.Release|x86.ActiveCfg = Release|Any CPU
		{3FF48D5E-82B1-4916-8EE2-408BCEE5AE9F}.Release|x86.Build.0 = Release|Any CPU
		{53B64284-AEED-4686-A756-86344CEBF8D3}.Debug|Any CPU.ActiveCfg = Debug|Any CPU
		{53B64284-AEED-4686-A756-86344CEBF8D3}.Debug|Any CPU.Build.0 = Debug|Any CPU
		{53B64284-AEED-4686-A756-86344CEBF8D3}.Debug|x64.ActiveCfg = Debug|Any CPU
		{53B64284-AEED-4686-A756-86344CEBF8D3}.Debug|x64.Build.0 = Debug|Any CPU
		{53B64284-AEED-4686-A756-86344CEBF8D3}.Debug|x86.ActiveCfg = Debug|Any CPU
		{53B64284-AEED-4686-A756-86344CEBF8D3}.Debug|x86.Build.0 = Debug|Any CPU
		{53B64284-AEED-4686-A756-86344CEBF8D3}.Release|Any CPU.ActiveCfg = Release|Any CPU
		{53B64284-AEED-4686-A756-86344CEBF8D3}.Release|Any CPU.Build.0 = Release|Any CPU
		{53B64284-AEED-4686-A756-86344CEBF8D3}.Release|x64.ActiveCfg = Release|Any CPU
		{53B64284-AEED-4686-A756-86344CEBF8D3}.Release|x64.Build.0 = Release|Any CPU
		{53B64284-AEED-4686-A756-86344CEBF8D3}.Release|x86.ActiveCfg = Release|Any CPU
		{53B64284-AEED-4686-A756-86344CEBF8D3}.Release|x86.Build.0 = Release|Any CPU
		{F06010F9-F54D-48C4-84E1-8FD28FE464B4}.Debug|Any CPU.ActiveCfg = Debug|x86
		{F06010F9-F54D-48C4-84E1-8FD28FE464B4}.Debug|x64.ActiveCfg = Debug|x86
		{F06010F9-F54D-48C4-84E1-8FD28FE464B4}.Debug|x86.ActiveCfg = Debug|x86
		{F06010F9-F54D-48C4-84E1-8FD28FE464B4}.Debug|x86.Build.0 = Debug|x86
		{F06010F9-F54D-48C4-84E1-8FD28FE464B4}.Release|Any CPU.ActiveCfg = Release|x86
		{F06010F9-F54D-48C4-84E1-8FD28FE464B4}.Release|x64.ActiveCfg = Release|x86
		{F06010F9-F54D-48C4-84E1-8FD28FE464B4}.Release|x86.ActiveCfg = Release|x86
		{F06010F9-F54D-48C4-84E1-8FD28FE464B4}.Release|x86.Build.0 = Release|x86
		{E75EDD56-8765-4FBC-9ECB-7A96459054DA}.Debug|Any CPU.ActiveCfg = Debug|x86
		{E75EDD56-8765-4FBC-9ECB-7A96459054DA}.Debug|x64.ActiveCfg = Debug|x86
		{E75EDD56-8765-4FBC-9ECB-7A96459054DA}.Debug|x86.ActiveCfg = Debug|x86
		{E75EDD56-8765-4FBC-9ECB-7A96459054DA}.Debug|x86.Build.0 = Debug|x86
		{E75EDD56-8765-4FBC-9ECB-7A96459054DA}.Release|Any CPU.ActiveCfg = Release|x86
		{E75EDD56-8765-4FBC-9ECB-7A96459054DA}.Release|x64.ActiveCfg = Release|x86
		{E75EDD56-8765-4FBC-9ECB-7A96459054DA}.Release|x86.ActiveCfg = Release|x86
		{E75EDD56-8765-4FBC-9ECB-7A96459054DA}.Release|x86.Build.0 = Release|x86
		{A6390184-FFBF-4FFE-9A18-DE2FC360DEB8}.Debug|Any CPU.ActiveCfg = Debug|Any CPU
		{A6390184-FFBF-4FFE-9A18-DE2FC360DEB8}.Debug|Any CPU.Build.0 = Debug|Any CPU
		{A6390184-FFBF-4FFE-9A18-DE2FC360DEB8}.Debug|x64.ActiveCfg = Debug|Any CPU
		{A6390184-FFBF-4FFE-9A18-DE2FC360DEB8}.Debug|x64.Build.0 = Debug|Any CPU
		{A6390184-FFBF-4FFE-9A18-DE2FC360DEB8}.Debug|x86.ActiveCfg = Debug|Any CPU
		{A6390184-FFBF-4FFE-9A18-DE2FC360DEB8}.Debug|x86.Build.0 = Debug|Any CPU
		{A6390184-FFBF-4FFE-9A18-DE2FC360DEB8}.Release|Any CPU.ActiveCfg = Release|Any CPU
		{A6390184-FFBF-4FFE-9A18-DE2FC360DEB8}.Release|Any CPU.Build.0 = Release|Any CPU
		{A6390184-FFBF-4FFE-9A18-DE2FC360DEB8}.Release|x64.ActiveCfg = Release|Any CPU
		{A6390184-FFBF-4FFE-9A18-DE2FC360DEB8}.Release|x64.Build.0 = Release|Any CPU
		{A6390184-FFBF-4FFE-9A18-DE2FC360DEB8}.Release|x86.ActiveCfg = Release|Any CPU
		{A6390184-FFBF-4FFE-9A18-DE2FC360DEB8}.Release|x86.Build.0 = Release|Any CPU
		{D434E04D-CFEC-4ED8-8414-C5D9BDF9112C}.Debug|Any CPU.ActiveCfg = Debug|Any CPU
		{D434E04D-CFEC-4ED8-8414-C5D9BDF9112C}.Debug|Any CPU.Build.0 = Debug|Any CPU
		{D434E04D-CFEC-4ED8-8414-C5D9BDF9112C}.Debug|x64.ActiveCfg = Debug|Any CPU
		{D434E04D-CFEC-4ED8-8414-C5D9BDF9112C}.Debug|x64.Build.0 = Debug|Any CPU
		{D434E04D-CFEC-4ED8-8414-C5D9BDF9112C}.Debug|x86.ActiveCfg = Debug|Any CPU
		{D434E04D-CFEC-4ED8-8414-C5D9BDF9112C}.Debug|x86.Build.0 = Debug|Any CPU
		{D434E04D-CFEC-4ED8-8414-C5D9BDF9112C}.Release|Any CPU.ActiveCfg = Release|Any CPU
		{D434E04D-CFEC-4ED8-8414-C5D9BDF9112C}.Release|Any CPU.Build.0 = Release|Any CPU
		{D434E04D-CFEC-4ED8-8414-C5D9BDF9112C}.Release|x64.ActiveCfg = Release|Any CPU
		{D434E04D-CFEC-4ED8-8414-C5D9BDF9112C}.Release|x64.Build.0 = Release|Any CPU
		{D434E04D-CFEC-4ED8-8414-C5D9BDF9112C}.Release|x86.ActiveCfg = Release|Any CPU
		{D434E04D-CFEC-4ED8-8414-C5D9BDF9112C}.Release|x86.Build.0 = Release|Any CPU
		{9A04B8FE-B0C0-44A4-A6FA-D85EDE7DD149}.Debug|Any CPU.ActiveCfg = Debug|Any CPU
		{9A04B8FE-B0C0-44A4-A6FA-D85EDE7DD149}.Debug|Any CPU.Build.0 = Debug|Any CPU
		{9A04B8FE-B0C0-44A4-A6FA-D85EDE7DD149}.Debug|x64.ActiveCfg = Debug|Any CPU
		{9A04B8FE-B0C0-44A4-A6FA-D85EDE7DD149}.Debug|x64.Build.0 = Debug|Any CPU
		{9A04B8FE-B0C0-44A4-A6FA-D85EDE7DD149}.Debug|x86.ActiveCfg = Debug|Any CPU
		{9A04B8FE-B0C0-44A4-A6FA-D85EDE7DD149}.Debug|x86.Build.0 = Debug|Any CPU
		{9A04B8FE-B0C0-44A4-A6FA-D85EDE7DD149}.Release|Any CPU.ActiveCfg = Release|Any CPU
		{9A04B8FE-B0C0-44A4-A6FA-D85EDE7DD149}.Release|Any CPU.Build.0 = Release|Any CPU
		{9A04B8FE-B0C0-44A4-A6FA-D85EDE7DD149}.Release|x64.ActiveCfg = Release|Any CPU
		{9A04B8FE-B0C0-44A4-A6FA-D85EDE7DD149}.Release|x64.Build.0 = Release|Any CPU
		{9A04B8FE-B0C0-44A4-A6FA-D85EDE7DD149}.Release|x86.ActiveCfg = Release|Any CPU
		{9A04B8FE-B0C0-44A4-A6FA-D85EDE7DD149}.Release|x86.Build.0 = Release|Any CPU
		{54844CFE-48B1-4762-B092-11F0471B058C}.Debug|Any CPU.ActiveCfg = Debug|Any CPU
		{54844CFE-48B1-4762-B092-11F0471B058C}.Debug|Any CPU.Build.0 = Debug|Any CPU
		{54844CFE-48B1-4762-B092-11F0471B058C}.Debug|x64.ActiveCfg = Debug|Any CPU
		{54844CFE-48B1-4762-B092-11F0471B058C}.Debug|x64.Build.0 = Debug|Any CPU
		{54844CFE-48B1-4762-B092-11F0471B058C}.Debug|x86.ActiveCfg = Debug|Any CPU
		{54844CFE-48B1-4762-B092-11F0471B058C}.Debug|x86.Build.0 = Debug|Any CPU
		{54844CFE-48B1-4762-B092-11F0471B058C}.Release|Any CPU.ActiveCfg = Release|Any CPU
		{54844CFE-48B1-4762-B092-11F0471B058C}.Release|Any CPU.Build.0 = Release|Any CPU
		{54844CFE-48B1-4762-B092-11F0471B058C}.Release|x64.ActiveCfg = Release|Any CPU
		{54844CFE-48B1-4762-B092-11F0471B058C}.Release|x64.Build.0 = Release|Any CPU
		{54844CFE-48B1-4762-B092-11F0471B058C}.Release|x86.ActiveCfg = Release|Any CPU
		{54844CFE-48B1-4762-B092-11F0471B058C}.Release|x86.Build.0 = Release|Any CPU
		{0730DB64-8173-4788-962D-2F6776F9F516}.Debug|Any CPU.ActiveCfg = Debug|Any CPU
		{0730DB64-8173-4788-962D-2F6776F9F516}.Debug|Any CPU.Build.0 = Debug|Any CPU
		{0730DB64-8173-4788-962D-2F6776F9F516}.Debug|x64.ActiveCfg = Debug|Any CPU
		{0730DB64-8173-4788-962D-2F6776F9F516}.Debug|x64.Build.0 = Debug|Any CPU
		{0730DB64-8173-4788-962D-2F6776F9F516}.Debug|x86.ActiveCfg = Debug|Any CPU
		{0730DB64-8173-4788-962D-2F6776F9F516}.Debug|x86.Build.0 = Debug|Any CPU
		{0730DB64-8173-4788-962D-2F6776F9F516}.Release|Any CPU.ActiveCfg = Release|Any CPU
		{0730DB64-8173-4788-962D-2F6776F9F516}.Release|Any CPU.Build.0 = Release|Any CPU
		{0730DB64-8173-4788-962D-2F6776F9F516}.Release|x64.ActiveCfg = Release|Any CPU
		{0730DB64-8173-4788-962D-2F6776F9F516}.Release|x64.Build.0 = Release|Any CPU
		{0730DB64-8173-4788-962D-2F6776F9F516}.Release|x86.ActiveCfg = Release|Any CPU
		{0730DB64-8173-4788-962D-2F6776F9F516}.Release|x86.Build.0 = Release|Any CPU
		{CBF95D7D-4376-4B61-89E2-A0168D5AFEF8}.Debug|Any CPU.ActiveCfg = Debug|Any CPU
		{CBF95D7D-4376-4B61-89E2-A0168D5AFEF8}.Debug|Any CPU.Build.0 = Debug|Any CPU
		{CBF95D7D-4376-4B61-89E2-A0168D5AFEF8}.Debug|x64.ActiveCfg = Debug|Any CPU
		{CBF95D7D-4376-4B61-89E2-A0168D5AFEF8}.Debug|x64.Build.0 = Debug|Any CPU
		{CBF95D7D-4376-4B61-89E2-A0168D5AFEF8}.Debug|x86.ActiveCfg = Debug|Any CPU
		{CBF95D7D-4376-4B61-89E2-A0168D5AFEF8}.Debug|x86.Build.0 = Debug|Any CPU
		{CBF95D7D-4376-4B61-89E2-A0168D5AFEF8}.Release|Any CPU.ActiveCfg = Release|Any CPU
		{CBF95D7D-4376-4B61-89E2-A0168D5AFEF8}.Release|Any CPU.Build.0 = Release|Any CPU
		{CBF95D7D-4376-4B61-89E2-A0168D5AFEF8}.Release|x64.ActiveCfg = Release|Any CPU
		{CBF95D7D-4376-4B61-89E2-A0168D5AFEF8}.Release|x64.Build.0 = Release|Any CPU
		{CBF95D7D-4376-4B61-89E2-A0168D5AFEF8}.Release|x86.ActiveCfg = Release|Any CPU
		{CBF95D7D-4376-4B61-89E2-A0168D5AFEF8}.Release|x86.Build.0 = Release|Any CPU
		{49FADF7B-B738-495A-A37E-DF957D7E7C07}.Debug|Any CPU.ActiveCfg = Debug|Any CPU
		{49FADF7B-B738-495A-A37E-DF957D7E7C07}.Debug|Any CPU.Build.0 = Debug|Any CPU
		{49FADF7B-B738-495A-A37E-DF957D7E7C07}.Debug|x64.ActiveCfg = Debug|Any CPU
		{49FADF7B-B738-495A-A37E-DF957D7E7C07}.Debug|x64.Build.0 = Debug|Any CPU
		{49FADF7B-B738-495A-A37E-DF957D7E7C07}.Debug|x86.ActiveCfg = Debug|Any CPU
		{49FADF7B-B738-495A-A37E-DF957D7E7C07}.Debug|x86.Build.0 = Debug|Any CPU
		{49FADF7B-B738-495A-A37E-DF957D7E7C07}.Release|Any CPU.ActiveCfg = Release|Any CPU
		{49FADF7B-B738-495A-A37E-DF957D7E7C07}.Release|Any CPU.Build.0 = Release|Any CPU
		{49FADF7B-B738-495A-A37E-DF957D7E7C07}.Release|x64.ActiveCfg = Release|Any CPU
		{49FADF7B-B738-495A-A37E-DF957D7E7C07}.Release|x64.Build.0 = Release|Any CPU
		{49FADF7B-B738-495A-A37E-DF957D7E7C07}.Release|x86.ActiveCfg = Release|Any CPU
		{49FADF7B-B738-495A-A37E-DF957D7E7C07}.Release|x86.Build.0 = Release|Any CPU
		{BC18B6E3-A11E-4F1C-9710-DBF46ED1472A}.Debug|Any CPU.ActiveCfg = Debug|Any CPU
		{BC18B6E3-A11E-4F1C-9710-DBF46ED1472A}.Debug|Any CPU.Build.0 = Debug|Any CPU
		{BC18B6E3-A11E-4F1C-9710-DBF46ED1472A}.Debug|x64.ActiveCfg = Debug|Any CPU
		{BC18B6E3-A11E-4F1C-9710-DBF46ED1472A}.Debug|x64.Build.0 = Debug|Any CPU
		{BC18B6E3-A11E-4F1C-9710-DBF46ED1472A}.Debug|x86.ActiveCfg = Debug|Any CPU
		{BC18B6E3-A11E-4F1C-9710-DBF46ED1472A}.Debug|x86.Build.0 = Debug|Any CPU
		{BC18B6E3-A11E-4F1C-9710-DBF46ED1472A}.Release|Any CPU.ActiveCfg = Release|Any CPU
		{BC18B6E3-A11E-4F1C-9710-DBF46ED1472A}.Release|Any CPU.Build.0 = Release|Any CPU
		{BC18B6E3-A11E-4F1C-9710-DBF46ED1472A}.Release|x64.ActiveCfg = Release|Any CPU
		{BC18B6E3-A11E-4F1C-9710-DBF46ED1472A}.Release|x64.Build.0 = Release|Any CPU
		{BC18B6E3-A11E-4F1C-9710-DBF46ED1472A}.Release|x86.ActiveCfg = Release|Any CPU
		{BC18B6E3-A11E-4F1C-9710-DBF46ED1472A}.Release|x86.Build.0 = Release|Any CPU
		{CF77DA73-EF59-409A-9BF3-8E26451D2593}.Debug|Any CPU.ActiveCfg = Debug|Any CPU
		{CF77DA73-EF59-409A-9BF3-8E26451D2593}.Debug|Any CPU.Build.0 = Debug|Any CPU
		{CF77DA73-EF59-409A-9BF3-8E26451D2593}.Debug|x64.ActiveCfg = Debug|Any CPU
		{CF77DA73-EF59-409A-9BF3-8E26451D2593}.Debug|x64.Build.0 = Debug|Any CPU
		{CF77DA73-EF59-409A-9BF3-8E26451D2593}.Debug|x86.ActiveCfg = Debug|Any CPU
		{CF77DA73-EF59-409A-9BF3-8E26451D2593}.Debug|x86.Build.0 = Debug|Any CPU
		{CF77DA73-EF59-409A-9BF3-8E26451D2593}.Release|Any CPU.ActiveCfg = Release|Any CPU
		{CF77DA73-EF59-409A-9BF3-8E26451D2593}.Release|Any CPU.Build.0 = Release|Any CPU
		{CF77DA73-EF59-409A-9BF3-8E26451D2593}.Release|x64.ActiveCfg = Release|Any CPU
		{CF77DA73-EF59-409A-9BF3-8E26451D2593}.Release|x64.Build.0 = Release|Any CPU
		{CF77DA73-EF59-409A-9BF3-8E26451D2593}.Release|x86.ActiveCfg = Release|Any CPU
		{CF77DA73-EF59-409A-9BF3-8E26451D2593}.Release|x86.Build.0 = Release|Any CPU
		{BF330897-5070-4A0F-B415-95DDD8EB3372}.Debug|Any CPU.ActiveCfg = Debug|Any CPU
		{BF330897-5070-4A0F-B415-95DDD8EB3372}.Debug|Any CPU.Build.0 = Debug|Any CPU
		{BF330897-5070-4A0F-B415-95DDD8EB3372}.Debug|x64.ActiveCfg = Debug|Any CPU
		{BF330897-5070-4A0F-B415-95DDD8EB3372}.Debug|x64.Build.0 = Debug|Any CPU
		{BF330897-5070-4A0F-B415-95DDD8EB3372}.Debug|x86.ActiveCfg = Debug|Any CPU
		{BF330897-5070-4A0F-B415-95DDD8EB3372}.Debug|x86.Build.0 = Debug|Any CPU
		{BF330897-5070-4A0F-B415-95DDD8EB3372}.Release|Any CPU.ActiveCfg = Release|Any CPU
		{BF330897-5070-4A0F-B415-95DDD8EB3372}.Release|Any CPU.Build.0 = Release|Any CPU
		{BF330897-5070-4A0F-B415-95DDD8EB3372}.Release|x64.ActiveCfg = Release|Any CPU
		{BF330897-5070-4A0F-B415-95DDD8EB3372}.Release|x64.Build.0 = Release|Any CPU
		{BF330897-5070-4A0F-B415-95DDD8EB3372}.Release|x86.ActiveCfg = Release|Any CPU
		{BF330897-5070-4A0F-B415-95DDD8EB3372}.Release|x86.Build.0 = Release|Any CPU
		{6FB23B66-CC8E-4CDB-B4A0-97A28A95D581}.Debug|Any CPU.ActiveCfg = Debug|Any CPU
		{6FB23B66-CC8E-4CDB-B4A0-97A28A95D581}.Debug|Any CPU.Build.0 = Debug|Any CPU
		{6FB23B66-CC8E-4CDB-B4A0-97A28A95D581}.Debug|x64.ActiveCfg = Debug|Any CPU
		{6FB23B66-CC8E-4CDB-B4A0-97A28A95D581}.Debug|x64.Build.0 = Debug|Any CPU
		{6FB23B66-CC8E-4CDB-B4A0-97A28A95D581}.Debug|x86.ActiveCfg = Debug|Any CPU
		{6FB23B66-CC8E-4CDB-B4A0-97A28A95D581}.Debug|x86.Build.0 = Debug|Any CPU
		{6FB23B66-CC8E-4CDB-B4A0-97A28A95D581}.Release|Any CPU.ActiveCfg = Release|Any CPU
		{6FB23B66-CC8E-4CDB-B4A0-97A28A95D581}.Release|Any CPU.Build.0 = Release|Any CPU
		{6FB23B66-CC8E-4CDB-B4A0-97A28A95D581}.Release|x64.ActiveCfg = Release|Any CPU
		{6FB23B66-CC8E-4CDB-B4A0-97A28A95D581}.Release|x64.Build.0 = Release|Any CPU
		{6FB23B66-CC8E-4CDB-B4A0-97A28A95D581}.Release|x86.ActiveCfg = Release|Any CPU
		{6FB23B66-CC8E-4CDB-B4A0-97A28A95D581}.Release|x86.Build.0 = Release|Any CPU
		{E0F0AD5C-D408-4A66-BDD1-5A3B4074E6EA}.Debug|Any CPU.ActiveCfg = Debug|Any CPU
		{E0F0AD5C-D408-4A66-BDD1-5A3B4074E6EA}.Debug|Any CPU.Build.0 = Debug|Any CPU
		{E0F0AD5C-D408-4A66-BDD1-5A3B4074E6EA}.Debug|x64.ActiveCfg = Debug|Any CPU
		{E0F0AD5C-D408-4A66-BDD1-5A3B4074E6EA}.Debug|x64.Build.0 = Debug|Any CPU
		{E0F0AD5C-D408-4A66-BDD1-5A3B4074E6EA}.Debug|x86.ActiveCfg = Debug|Any CPU
		{E0F0AD5C-D408-4A66-BDD1-5A3B4074E6EA}.Debug|x86.Build.0 = Debug|Any CPU
		{E0F0AD5C-D408-4A66-BDD1-5A3B4074E6EA}.Release|Any CPU.ActiveCfg = Release|Any CPU
		{E0F0AD5C-D408-4A66-BDD1-5A3B4074E6EA}.Release|Any CPU.Build.0 = Release|Any CPU
		{E0F0AD5C-D408-4A66-BDD1-5A3B4074E6EA}.Release|x64.ActiveCfg = Release|Any CPU
		{E0F0AD5C-D408-4A66-BDD1-5A3B4074E6EA}.Release|x64.Build.0 = Release|Any CPU
		{E0F0AD5C-D408-4A66-BDD1-5A3B4074E6EA}.Release|x86.ActiveCfg = Release|Any CPU
		{E0F0AD5C-D408-4A66-BDD1-5A3B4074E6EA}.Release|x86.Build.0 = Release|Any CPU
		{521FCDB1-9408-4011-8308-54A88430ADA5}.Debug|Any CPU.ActiveCfg = Debug|Any CPU
		{521FCDB1-9408-4011-8308-54A88430ADA5}.Debug|Any CPU.Build.0 = Debug|Any CPU
		{521FCDB1-9408-4011-8308-54A88430ADA5}.Debug|x64.ActiveCfg = Debug|Any CPU
		{521FCDB1-9408-4011-8308-54A88430ADA5}.Debug|x64.Build.0 = Debug|Any CPU
		{521FCDB1-9408-4011-8308-54A88430ADA5}.Debug|x86.ActiveCfg = Debug|Any CPU
		{521FCDB1-9408-4011-8308-54A88430ADA5}.Debug|x86.Build.0 = Debug|Any CPU
		{521FCDB1-9408-4011-8308-54A88430ADA5}.Release|Any CPU.ActiveCfg = Release|Any CPU
		{521FCDB1-9408-4011-8308-54A88430ADA5}.Release|Any CPU.Build.0 = Release|Any CPU
		{521FCDB1-9408-4011-8308-54A88430ADA5}.Release|x64.ActiveCfg = Release|Any CPU
		{521FCDB1-9408-4011-8308-54A88430ADA5}.Release|x64.Build.0 = Release|Any CPU
		{521FCDB1-9408-4011-8308-54A88430ADA5}.Release|x86.ActiveCfg = Release|Any CPU
		{521FCDB1-9408-4011-8308-54A88430ADA5}.Release|x86.Build.0 = Release|Any CPU
		{77D64EE4-2779-4E84-98CE-C8A986308882}.Debug|Any CPU.ActiveCfg = Debug|Any CPU
		{77D64EE4-2779-4E84-98CE-C8A986308882}.Debug|Any CPU.Build.0 = Debug|Any CPU
		{77D64EE4-2779-4E84-98CE-C8A986308882}.Debug|x64.ActiveCfg = Debug|Any CPU
		{77D64EE4-2779-4E84-98CE-C8A986308882}.Debug|x64.Build.0 = Debug|Any CPU
		{77D64EE4-2779-4E84-98CE-C8A986308882}.Debug|x86.ActiveCfg = Debug|Any CPU
		{77D64EE4-2779-4E84-98CE-C8A986308882}.Debug|x86.Build.0 = Debug|Any CPU
		{77D64EE4-2779-4E84-98CE-C8A986308882}.Release|Any CPU.ActiveCfg = Release|Any CPU
		{77D64EE4-2779-4E84-98CE-C8A986308882}.Release|Any CPU.Build.0 = Release|Any CPU
		{77D64EE4-2779-4E84-98CE-C8A986308882}.Release|x64.ActiveCfg = Release|Any CPU
		{77D64EE4-2779-4E84-98CE-C8A986308882}.Release|x64.Build.0 = Release|Any CPU
		{77D64EE4-2779-4E84-98CE-C8A986308882}.Release|x86.ActiveCfg = Release|Any CPU
		{77D64EE4-2779-4E84-98CE-C8A986308882}.Release|x86.Build.0 = Release|Any CPU
		{6983C031-9321-4AC2-AF72-3C7FCF6FC1E2}.Debug|Any CPU.ActiveCfg = Debug|Any CPU
		{6983C031-9321-4AC2-AF72-3C7FCF6FC1E2}.Debug|Any CPU.Build.0 = Debug|Any CPU
		{6983C031-9321-4AC2-AF72-3C7FCF6FC1E2}.Debug|x64.ActiveCfg = Debug|Any CPU
		{6983C031-9321-4AC2-AF72-3C7FCF6FC1E2}.Debug|x64.Build.0 = Debug|Any CPU
		{6983C031-9321-4AC2-AF72-3C7FCF6FC1E2}.Debug|x86.ActiveCfg = Debug|Any CPU
		{6983C031-9321-4AC2-AF72-3C7FCF6FC1E2}.Debug|x86.Build.0 = Debug|Any CPU
		{6983C031-9321-4AC2-AF72-3C7FCF6FC1E2}.Release|Any CPU.ActiveCfg = Release|Any CPU
		{6983C031-9321-4AC2-AF72-3C7FCF6FC1E2}.Release|Any CPU.Build.0 = Release|Any CPU
		{6983C031-9321-4AC2-AF72-3C7FCF6FC1E2}.Release|x64.ActiveCfg = Release|Any CPU
		{6983C031-9321-4AC2-AF72-3C7FCF6FC1E2}.Release|x64.Build.0 = Release|Any CPU
		{6983C031-9321-4AC2-AF72-3C7FCF6FC1E2}.Release|x86.ActiveCfg = Release|Any CPU
		{6983C031-9321-4AC2-AF72-3C7FCF6FC1E2}.Release|x86.Build.0 = Release|Any CPU
		{5FFE844E-4674-4A69-9F18-2122C5C27BC8}.Debug|Any CPU.ActiveCfg = Debug|Any CPU
		{5FFE844E-4674-4A69-9F18-2122C5C27BC8}.Debug|Any CPU.Build.0 = Debug|Any CPU
		{5FFE844E-4674-4A69-9F18-2122C5C27BC8}.Debug|x64.ActiveCfg = Debug|Any CPU
		{5FFE844E-4674-4A69-9F18-2122C5C27BC8}.Debug|x64.Build.0 = Debug|Any CPU
		{5FFE844E-4674-4A69-9F18-2122C5C27BC8}.Debug|x86.ActiveCfg = Debug|Any CPU
		{5FFE844E-4674-4A69-9F18-2122C5C27BC8}.Debug|x86.Build.0 = Debug|Any CPU
		{5FFE844E-4674-4A69-9F18-2122C5C27BC8}.Release|Any CPU.ActiveCfg = Release|Any CPU
		{5FFE844E-4674-4A69-9F18-2122C5C27BC8}.Release|Any CPU.Build.0 = Release|Any CPU
		{5FFE844E-4674-4A69-9F18-2122C5C27BC8}.Release|x64.ActiveCfg = Release|Any CPU
		{5FFE844E-4674-4A69-9F18-2122C5C27BC8}.Release|x64.Build.0 = Release|Any CPU
		{5FFE844E-4674-4A69-9F18-2122C5C27BC8}.Release|x86.ActiveCfg = Release|Any CPU
		{5FFE844E-4674-4A69-9F18-2122C5C27BC8}.Release|x86.Build.0 = Release|Any CPU
		{99F33DD1-719E-456C-9164-2E96E15F524A}.Debug|Any CPU.ActiveCfg = Debug|Any CPU
		{99F33DD1-719E-456C-9164-2E96E15F524A}.Debug|Any CPU.Build.0 = Debug|Any CPU
		{99F33DD1-719E-456C-9164-2E96E15F524A}.Debug|x64.ActiveCfg = Debug|Any CPU
		{99F33DD1-719E-456C-9164-2E96E15F524A}.Debug|x64.Build.0 = Debug|Any CPU
		{99F33DD1-719E-456C-9164-2E96E15F524A}.Debug|x86.ActiveCfg = Debug|Any CPU
		{99F33DD1-719E-456C-9164-2E96E15F524A}.Debug|x86.Build.0 = Debug|Any CPU
		{99F33DD1-719E-456C-9164-2E96E15F524A}.Release|Any CPU.ActiveCfg = Release|Any CPU
		{99F33DD1-719E-456C-9164-2E96E15F524A}.Release|Any CPU.Build.0 = Release|Any CPU
		{99F33DD1-719E-456C-9164-2E96E15F524A}.Release|x64.ActiveCfg = Release|Any CPU
		{99F33DD1-719E-456C-9164-2E96E15F524A}.Release|x64.Build.0 = Release|Any CPU
		{99F33DD1-719E-456C-9164-2E96E15F524A}.Release|x86.ActiveCfg = Release|Any CPU
		{99F33DD1-719E-456C-9164-2E96E15F524A}.Release|x86.Build.0 = Release|Any CPU
		{1FD08AC5-F5DC-4A9D-9883-FD55AE14B526}.Debug|Any CPU.ActiveCfg = Debug|x86
		{1FD08AC5-F5DC-4A9D-9883-FD55AE14B526}.Debug|x64.ActiveCfg = Debug|x86
		{1FD08AC5-F5DC-4A9D-9883-FD55AE14B526}.Debug|x86.ActiveCfg = Debug|x86
		{1FD08AC5-F5DC-4A9D-9883-FD55AE14B526}.Debug|x86.Build.0 = Debug|x86
		{1FD08AC5-F5DC-4A9D-9883-FD55AE14B526}.Release|Any CPU.ActiveCfg = Release|x86
		{1FD08AC5-F5DC-4A9D-9883-FD55AE14B526}.Release|x64.ActiveCfg = Release|x86
		{1FD08AC5-F5DC-4A9D-9883-FD55AE14B526}.Release|x86.ActiveCfg = Release|x86
		{1FD08AC5-F5DC-4A9D-9883-FD55AE14B526}.Release|x86.Build.0 = Release|x86
		{9202A56F-EF37-4B6F-AF2A-5AF8A844546A}.Debug|Any CPU.ActiveCfg = Debug|x86
		{9202A56F-EF37-4B6F-AF2A-5AF8A844546A}.Debug|x64.ActiveCfg = Debug|x86
		{9202A56F-EF37-4B6F-AF2A-5AF8A844546A}.Debug|x86.ActiveCfg = Debug|x86
		{9202A56F-EF37-4B6F-AF2A-5AF8A844546A}.Debug|x86.Build.0 = Debug|x86
		{9202A56F-EF37-4B6F-AF2A-5AF8A844546A}.Release|Any CPU.ActiveCfg = Release|x86
		{9202A56F-EF37-4B6F-AF2A-5AF8A844546A}.Release|x64.ActiveCfg = Release|x86
		{9202A56F-EF37-4B6F-AF2A-5AF8A844546A}.Release|x86.ActiveCfg = Release|x86
		{9202A56F-EF37-4B6F-AF2A-5AF8A844546A}.Release|x86.Build.0 = Release|x86
		{CAFD7B82-CE5A-4914-BF8E-661C6A156B5C}.Debug|Any CPU.ActiveCfg = Debug|Any CPU
		{CAFD7B82-CE5A-4914-BF8E-661C6A156B5C}.Debug|Any CPU.Build.0 = Debug|Any CPU
		{CAFD7B82-CE5A-4914-BF8E-661C6A156B5C}.Debug|x64.ActiveCfg = Debug|Any CPU
		{CAFD7B82-CE5A-4914-BF8E-661C6A156B5C}.Debug|x64.Build.0 = Debug|Any CPU
		{CAFD7B82-CE5A-4914-BF8E-661C6A156B5C}.Debug|x86.ActiveCfg = Debug|Any CPU
		{CAFD7B82-CE5A-4914-BF8E-661C6A156B5C}.Debug|x86.Build.0 = Debug|Any CPU
		{CAFD7B82-CE5A-4914-BF8E-661C6A156B5C}.Release|Any CPU.ActiveCfg = Release|Any CPU
		{CAFD7B82-CE5A-4914-BF8E-661C6A156B5C}.Release|Any CPU.Build.0 = Release|Any CPU
		{CAFD7B82-CE5A-4914-BF8E-661C6A156B5C}.Release|x64.ActiveCfg = Release|Any CPU
		{CAFD7B82-CE5A-4914-BF8E-661C6A156B5C}.Release|x64.Build.0 = Release|Any CPU
		{CAFD7B82-CE5A-4914-BF8E-661C6A156B5C}.Release|x86.ActiveCfg = Release|Any CPU
		{CAFD7B82-CE5A-4914-BF8E-661C6A156B5C}.Release|x86.Build.0 = Release|Any CPU
		{DC7B20D0-B1D4-40E1-AF98-7C4DB3291A8D}.Debug|Any CPU.ActiveCfg = Debug|Any CPU
		{DC7B20D0-B1D4-40E1-AF98-7C4DB3291A8D}.Debug|Any CPU.Build.0 = Debug|Any CPU
		{DC7B20D0-B1D4-40E1-AF98-7C4DB3291A8D}.Debug|x64.ActiveCfg = Debug|Any CPU
		{DC7B20D0-B1D4-40E1-AF98-7C4DB3291A8D}.Debug|x64.Build.0 = Debug|Any CPU
		{DC7B20D0-B1D4-40E1-AF98-7C4DB3291A8D}.Debug|x86.ActiveCfg = Debug|Any CPU
		{DC7B20D0-B1D4-40E1-AF98-7C4DB3291A8D}.Debug|x86.Build.0 = Debug|Any CPU
		{DC7B20D0-B1D4-40E1-AF98-7C4DB3291A8D}.Release|Any CPU.ActiveCfg = Release|Any CPU
		{DC7B20D0-B1D4-40E1-AF98-7C4DB3291A8D}.Release|Any CPU.Build.0 = Release|Any CPU
		{DC7B20D0-B1D4-40E1-AF98-7C4DB3291A8D}.Release|x64.ActiveCfg = Release|Any CPU
		{DC7B20D0-B1D4-40E1-AF98-7C4DB3291A8D}.Release|x64.Build.0 = Release|Any CPU
		{DC7B20D0-B1D4-40E1-AF98-7C4DB3291A8D}.Release|x86.ActiveCfg = Release|Any CPU
		{DC7B20D0-B1D4-40E1-AF98-7C4DB3291A8D}.Release|x86.Build.0 = Release|Any CPU
		{18F628C8-FD7C-44BC-8D1E-044A701FB864}.Debug|Any CPU.ActiveCfg = Debug|Any CPU
		{18F628C8-FD7C-44BC-8D1E-044A701FB864}.Debug|Any CPU.Build.0 = Debug|Any CPU
		{18F628C8-FD7C-44BC-8D1E-044A701FB864}.Debug|x64.ActiveCfg = Debug|Any CPU
		{18F628C8-FD7C-44BC-8D1E-044A701FB864}.Debug|x64.Build.0 = Debug|Any CPU
		{18F628C8-FD7C-44BC-8D1E-044A701FB864}.Debug|x86.ActiveCfg = Debug|Any CPU
		{18F628C8-FD7C-44BC-8D1E-044A701FB864}.Debug|x86.Build.0 = Debug|Any CPU
		{18F628C8-FD7C-44BC-8D1E-044A701FB864}.Release|Any CPU.ActiveCfg = Release|Any CPU
		{18F628C8-FD7C-44BC-8D1E-044A701FB864}.Release|Any CPU.Build.0 = Release|Any CPU
		{18F628C8-FD7C-44BC-8D1E-044A701FB864}.Release|x64.ActiveCfg = Release|Any CPU
		{18F628C8-FD7C-44BC-8D1E-044A701FB864}.Release|x64.Build.0 = Release|Any CPU
		{18F628C8-FD7C-44BC-8D1E-044A701FB864}.Release|x86.ActiveCfg = Release|Any CPU
		{18F628C8-FD7C-44BC-8D1E-044A701FB864}.Release|x86.Build.0 = Release|Any CPU
		{CB873AC9-C282-45BD-B35C-747B7D4AE2EE}.Debug|Any CPU.ActiveCfg = Debug|Any CPU
		{CB873AC9-C282-45BD-B35C-747B7D4AE2EE}.Debug|Any CPU.Build.0 = Debug|Any CPU
		{CB873AC9-C282-45BD-B35C-747B7D4AE2EE}.Debug|x64.ActiveCfg = Debug|Any CPU
		{CB873AC9-C282-45BD-B35C-747B7D4AE2EE}.Debug|x64.Build.0 = Debug|Any CPU
		{CB873AC9-C282-45BD-B35C-747B7D4AE2EE}.Debug|x86.ActiveCfg = Debug|Any CPU
		{CB873AC9-C282-45BD-B35C-747B7D4AE2EE}.Debug|x86.Build.0 = Debug|Any CPU
		{CB873AC9-C282-45BD-B35C-747B7D4AE2EE}.Release|Any CPU.ActiveCfg = Release|Any CPU
		{CB873AC9-C282-45BD-B35C-747B7D4AE2EE}.Release|Any CPU.Build.0 = Release|Any CPU
		{CB873AC9-C282-45BD-B35C-747B7D4AE2EE}.Release|x64.ActiveCfg = Release|Any CPU
		{CB873AC9-C282-45BD-B35C-747B7D4AE2EE}.Release|x64.Build.0 = Release|Any CPU
		{CB873AC9-C282-45BD-B35C-747B7D4AE2EE}.Release|x86.ActiveCfg = Release|Any CPU
		{CB873AC9-C282-45BD-B35C-747B7D4AE2EE}.Release|x86.Build.0 = Release|Any CPU
		{E3334D5D-CA6E-4646-A682-49C55FB269A6}.Debug|Any CPU.ActiveCfg = Debug|Any CPU
		{E3334D5D-CA6E-4646-A682-49C55FB269A6}.Debug|Any CPU.Build.0 = Debug|Any CPU
		{E3334D5D-CA6E-4646-A682-49C55FB269A6}.Debug|x64.ActiveCfg = Debug|Any CPU
		{E3334D5D-CA6E-4646-A682-49C55FB269A6}.Debug|x64.Build.0 = Debug|Any CPU
		{E3334D5D-CA6E-4646-A682-49C55FB269A6}.Debug|x86.ActiveCfg = Debug|Any CPU
		{E3334D5D-CA6E-4646-A682-49C55FB269A6}.Debug|x86.Build.0 = Debug|Any CPU
		{E3334D5D-CA6E-4646-A682-49C55FB269A6}.Release|Any CPU.ActiveCfg = Release|Any CPU
		{E3334D5D-CA6E-4646-A682-49C55FB269A6}.Release|Any CPU.Build.0 = Release|Any CPU
		{E3334D5D-CA6E-4646-A682-49C55FB269A6}.Release|x64.ActiveCfg = Release|Any CPU
		{E3334D5D-CA6E-4646-A682-49C55FB269A6}.Release|x64.Build.0 = Release|Any CPU
		{E3334D5D-CA6E-4646-A682-49C55FB269A6}.Release|x86.ActiveCfg = Release|Any CPU
		{E3334D5D-CA6E-4646-A682-49C55FB269A6}.Release|x86.Build.0 = Release|Any CPU
		{58E842E9-6B0A-4BCA-A5CA-7A73F3063186}.Debug|Any CPU.ActiveCfg = Debug|Any CPU
		{58E842E9-6B0A-4BCA-A5CA-7A73F3063186}.Debug|Any CPU.Build.0 = Debug|Any CPU
		{58E842E9-6B0A-4BCA-A5CA-7A73F3063186}.Debug|x64.ActiveCfg = Debug|Any CPU
		{58E842E9-6B0A-4BCA-A5CA-7A73F3063186}.Debug|x64.Build.0 = Debug|Any CPU
		{58E842E9-6B0A-4BCA-A5CA-7A73F3063186}.Debug|x86.ActiveCfg = Debug|Any CPU
		{58E842E9-6B0A-4BCA-A5CA-7A73F3063186}.Debug|x86.Build.0 = Debug|Any CPU
		{58E842E9-6B0A-4BCA-A5CA-7A73F3063186}.Release|Any CPU.ActiveCfg = Release|Any CPU
		{58E842E9-6B0A-4BCA-A5CA-7A73F3063186}.Release|Any CPU.Build.0 = Release|Any CPU
		{58E842E9-6B0A-4BCA-A5CA-7A73F3063186}.Release|x64.ActiveCfg = Release|Any CPU
		{58E842E9-6B0A-4BCA-A5CA-7A73F3063186}.Release|x64.Build.0 = Release|Any CPU
		{58E842E9-6B0A-4BCA-A5CA-7A73F3063186}.Release|x86.ActiveCfg = Release|Any CPU
		{58E842E9-6B0A-4BCA-A5CA-7A73F3063186}.Release|x86.Build.0 = Release|Any CPU
		{785B6DED-3A26-465A-9681-196B5039C256}.Debug|Any CPU.ActiveCfg = Debug|Any CPU
		{785B6DED-3A26-465A-9681-196B5039C256}.Debug|Any CPU.Build.0 = Debug|Any CPU
		{785B6DED-3A26-465A-9681-196B5039C256}.Debug|x64.ActiveCfg = Debug|Any CPU
		{785B6DED-3A26-465A-9681-196B5039C256}.Debug|x64.Build.0 = Debug|Any CPU
		{785B6DED-3A26-465A-9681-196B5039C256}.Debug|x86.ActiveCfg = Debug|Any CPU
		{785B6DED-3A26-465A-9681-196B5039C256}.Debug|x86.Build.0 = Debug|Any CPU
		{785B6DED-3A26-465A-9681-196B5039C256}.Release|Any CPU.ActiveCfg = Release|Any CPU
		{785B6DED-3A26-465A-9681-196B5039C256}.Release|Any CPU.Build.0 = Release|Any CPU
		{785B6DED-3A26-465A-9681-196B5039C256}.Release|x64.ActiveCfg = Release|Any CPU
		{785B6DED-3A26-465A-9681-196B5039C256}.Release|x64.Build.0 = Release|Any CPU
		{785B6DED-3A26-465A-9681-196B5039C256}.Release|x86.ActiveCfg = Release|Any CPU
		{785B6DED-3A26-465A-9681-196B5039C256}.Release|x86.Build.0 = Release|Any CPU
		{9DD7BFE5-184F-4F92-A612-1AB9F13C12B0}.Debug|Any CPU.ActiveCfg = Debug|Any CPU
		{9DD7BFE5-184F-4F92-A612-1AB9F13C12B0}.Debug|Any CPU.Build.0 = Debug|Any CPU
		{9DD7BFE5-184F-4F92-A612-1AB9F13C12B0}.Debug|x64.ActiveCfg = Debug|Any CPU
		{9DD7BFE5-184F-4F92-A612-1AB9F13C12B0}.Debug|x64.Build.0 = Debug|Any CPU
		{9DD7BFE5-184F-4F92-A612-1AB9F13C12B0}.Debug|x86.ActiveCfg = Debug|Any CPU
		{9DD7BFE5-184F-4F92-A612-1AB9F13C12B0}.Debug|x86.Build.0 = Debug|Any CPU
		{9DD7BFE5-184F-4F92-A612-1AB9F13C12B0}.Release|Any CPU.ActiveCfg = Release|Any CPU
		{9DD7BFE5-184F-4F92-A612-1AB9F13C12B0}.Release|Any CPU.Build.0 = Release|Any CPU
		{9DD7BFE5-184F-4F92-A612-1AB9F13C12B0}.Release|x64.ActiveCfg = Release|Any CPU
		{9DD7BFE5-184F-4F92-A612-1AB9F13C12B0}.Release|x64.Build.0 = Release|Any CPU
		{9DD7BFE5-184F-4F92-A612-1AB9F13C12B0}.Release|x86.ActiveCfg = Release|Any CPU
		{9DD7BFE5-184F-4F92-A612-1AB9F13C12B0}.Release|x86.Build.0 = Release|Any CPU
		{CEF44002-F0DF-474D-B865-FD58077D9A1E}.Debug|Any CPU.ActiveCfg = Debug|Any CPU
		{CEF44002-F0DF-474D-B865-FD58077D9A1E}.Debug|Any CPU.Build.0 = Debug|Any CPU
		{CEF44002-F0DF-474D-B865-FD58077D9A1E}.Debug|x64.ActiveCfg = Debug|Any CPU
		{CEF44002-F0DF-474D-B865-FD58077D9A1E}.Debug|x64.Build.0 = Debug|Any CPU
		{CEF44002-F0DF-474D-B865-FD58077D9A1E}.Debug|x86.ActiveCfg = Debug|Any CPU
		{CEF44002-F0DF-474D-B865-FD58077D9A1E}.Debug|x86.Build.0 = Debug|Any CPU
		{CEF44002-F0DF-474D-B865-FD58077D9A1E}.Release|Any CPU.ActiveCfg = Release|Any CPU
		{CEF44002-F0DF-474D-B865-FD58077D9A1E}.Release|Any CPU.Build.0 = Release|Any CPU
		{CEF44002-F0DF-474D-B865-FD58077D9A1E}.Release|x64.ActiveCfg = Release|Any CPU
		{CEF44002-F0DF-474D-B865-FD58077D9A1E}.Release|x64.Build.0 = Release|Any CPU
		{CEF44002-F0DF-474D-B865-FD58077D9A1E}.Release|x86.ActiveCfg = Release|Any CPU
		{CEF44002-F0DF-474D-B865-FD58077D9A1E}.Release|x86.Build.0 = Release|Any CPU
		{18E0249F-9B17-4A9F-B6D8-65B2420E431D}.Debug|Any CPU.ActiveCfg = Debug|Any CPU
		{18E0249F-9B17-4A9F-B6D8-65B2420E431D}.Debug|Any CPU.Build.0 = Debug|Any CPU
		{18E0249F-9B17-4A9F-B6D8-65B2420E431D}.Debug|x64.ActiveCfg = Debug|Any CPU
		{18E0249F-9B17-4A9F-B6D8-65B2420E431D}.Debug|x64.Build.0 = Debug|Any CPU
		{18E0249F-9B17-4A9F-B6D8-65B2420E431D}.Debug|x86.ActiveCfg = Debug|Any CPU
		{18E0249F-9B17-4A9F-B6D8-65B2420E431D}.Debug|x86.Build.0 = Debug|Any CPU
		{18E0249F-9B17-4A9F-B6D8-65B2420E431D}.Release|Any CPU.ActiveCfg = Release|Any CPU
		{18E0249F-9B17-4A9F-B6D8-65B2420E431D}.Release|Any CPU.Build.0 = Release|Any CPU
		{18E0249F-9B17-4A9F-B6D8-65B2420E431D}.Release|x64.ActiveCfg = Release|Any CPU
		{18E0249F-9B17-4A9F-B6D8-65B2420E431D}.Release|x64.Build.0 = Release|Any CPU
		{18E0249F-9B17-4A9F-B6D8-65B2420E431D}.Release|x86.ActiveCfg = Release|Any CPU
		{18E0249F-9B17-4A9F-B6D8-65B2420E431D}.Release|x86.Build.0 = Release|Any CPU
		{62B0DAC4-1FD7-4D5A-BFE3-4DD1A96584E1}.Debug|Any CPU.ActiveCfg = Debug|Any CPU
		{62B0DAC4-1FD7-4D5A-BFE3-4DD1A96584E1}.Debug|Any CPU.Build.0 = Debug|Any CPU
		{62B0DAC4-1FD7-4D5A-BFE3-4DD1A96584E1}.Debug|x64.ActiveCfg = Debug|Any CPU
		{62B0DAC4-1FD7-4D5A-BFE3-4DD1A96584E1}.Debug|x64.Build.0 = Debug|Any CPU
		{62B0DAC4-1FD7-4D5A-BFE3-4DD1A96584E1}.Debug|x86.ActiveCfg = Debug|Any CPU
		{62B0DAC4-1FD7-4D5A-BFE3-4DD1A96584E1}.Debug|x86.Build.0 = Debug|Any CPU
		{62B0DAC4-1FD7-4D5A-BFE3-4DD1A96584E1}.Release|Any CPU.ActiveCfg = Release|Any CPU
		{62B0DAC4-1FD7-4D5A-BFE3-4DD1A96584E1}.Release|Any CPU.Build.0 = Release|Any CPU
		{62B0DAC4-1FD7-4D5A-BFE3-4DD1A96584E1}.Release|x64.ActiveCfg = Release|Any CPU
		{62B0DAC4-1FD7-4D5A-BFE3-4DD1A96584E1}.Release|x64.Build.0 = Release|Any CPU
		{62B0DAC4-1FD7-4D5A-BFE3-4DD1A96584E1}.Release|x86.ActiveCfg = Release|Any CPU
		{62B0DAC4-1FD7-4D5A-BFE3-4DD1A96584E1}.Release|x86.Build.0 = Release|Any CPU
		{52E0B31D-5379-45BA-9026-CADA02CBB95D}.Debug|Any CPU.ActiveCfg = Debug|Any CPU
		{52E0B31D-5379-45BA-9026-CADA02CBB95D}.Debug|Any CPU.Build.0 = Debug|Any CPU
		{52E0B31D-5379-45BA-9026-CADA02CBB95D}.Debug|x64.ActiveCfg = Debug|Any CPU
		{52E0B31D-5379-45BA-9026-CADA02CBB95D}.Debug|x64.Build.0 = Debug|Any CPU
		{52E0B31D-5379-45BA-9026-CADA02CBB95D}.Debug|x86.ActiveCfg = Debug|Any CPU
		{52E0B31D-5379-45BA-9026-CADA02CBB95D}.Debug|x86.Build.0 = Debug|Any CPU
		{52E0B31D-5379-45BA-9026-CADA02CBB95D}.Release|Any CPU.ActiveCfg = Release|Any CPU
		{52E0B31D-5379-45BA-9026-CADA02CBB95D}.Release|Any CPU.Build.0 = Release|Any CPU
		{52E0B31D-5379-45BA-9026-CADA02CBB95D}.Release|x64.ActiveCfg = Release|Any CPU
		{52E0B31D-5379-45BA-9026-CADA02CBB95D}.Release|x64.Build.0 = Release|Any CPU
		{52E0B31D-5379-45BA-9026-CADA02CBB95D}.Release|x86.ActiveCfg = Release|Any CPU
		{52E0B31D-5379-45BA-9026-CADA02CBB95D}.Release|x86.Build.0 = Release|Any CPU
		{F9CB03BC-D693-4251-9F5E-E2856E0402C9}.Debug|Any CPU.ActiveCfg = Debug|Any CPU
		{F9CB03BC-D693-4251-9F5E-E2856E0402C9}.Debug|Any CPU.Build.0 = Debug|Any CPU
		{F9CB03BC-D693-4251-9F5E-E2856E0402C9}.Debug|x64.ActiveCfg = Debug|Any CPU
		{F9CB03BC-D693-4251-9F5E-E2856E0402C9}.Debug|x64.Build.0 = Debug|Any CPU
		{F9CB03BC-D693-4251-9F5E-E2856E0402C9}.Debug|x86.ActiveCfg = Debug|Any CPU
		{F9CB03BC-D693-4251-9F5E-E2856E0402C9}.Debug|x86.Build.0 = Debug|Any CPU
		{F9CB03BC-D693-4251-9F5E-E2856E0402C9}.Release|Any CPU.ActiveCfg = Release|Any CPU
		{F9CB03BC-D693-4251-9F5E-E2856E0402C9}.Release|Any CPU.Build.0 = Release|Any CPU
		{F9CB03BC-D693-4251-9F5E-E2856E0402C9}.Release|x64.ActiveCfg = Release|Any CPU
		{F9CB03BC-D693-4251-9F5E-E2856E0402C9}.Release|x64.Build.0 = Release|Any CPU
		{F9CB03BC-D693-4251-9F5E-E2856E0402C9}.Release|x86.ActiveCfg = Release|Any CPU
		{F9CB03BC-D693-4251-9F5E-E2856E0402C9}.Release|x86.Build.0 = Release|Any CPU
		{834C161E-5905-4E7B-8B76-11FBABDBEF65}.Debug|Any CPU.ActiveCfg = Debug|Any CPU
		{834C161E-5905-4E7B-8B76-11FBABDBEF65}.Debug|Any CPU.Build.0 = Debug|Any CPU
		{834C161E-5905-4E7B-8B76-11FBABDBEF65}.Debug|x64.ActiveCfg = Debug|Any CPU
		{834C161E-5905-4E7B-8B76-11FBABDBEF65}.Debug|x64.Build.0 = Debug|Any CPU
		{834C161E-5905-4E7B-8B76-11FBABDBEF65}.Debug|x86.ActiveCfg = Debug|Any CPU
		{834C161E-5905-4E7B-8B76-11FBABDBEF65}.Debug|x86.Build.0 = Debug|Any CPU
		{834C161E-5905-4E7B-8B76-11FBABDBEF65}.Release|Any CPU.ActiveCfg = Release|Any CPU
		{834C161E-5905-4E7B-8B76-11FBABDBEF65}.Release|Any CPU.Build.0 = Release|Any CPU
		{834C161E-5905-4E7B-8B76-11FBABDBEF65}.Release|x64.ActiveCfg = Release|Any CPU
		{834C161E-5905-4E7B-8B76-11FBABDBEF65}.Release|x64.Build.0 = Release|Any CPU
		{834C161E-5905-4E7B-8B76-11FBABDBEF65}.Release|x86.ActiveCfg = Release|Any CPU
		{834C161E-5905-4E7B-8B76-11FBABDBEF65}.Release|x86.Build.0 = Release|Any CPU
		{3FE47EDF-599B-44AD-9CBE-43F13D99AC2F}.Debug|Any CPU.ActiveCfg = Debug|Any CPU
		{3FE47EDF-599B-44AD-9CBE-43F13D99AC2F}.Debug|Any CPU.Build.0 = Debug|Any CPU
		{3FE47EDF-599B-44AD-9CBE-43F13D99AC2F}.Debug|x64.ActiveCfg = Debug|Any CPU
		{3FE47EDF-599B-44AD-9CBE-43F13D99AC2F}.Debug|x64.Build.0 = Debug|Any CPU
		{3FE47EDF-599B-44AD-9CBE-43F13D99AC2F}.Debug|x86.ActiveCfg = Debug|Any CPU
		{3FE47EDF-599B-44AD-9CBE-43F13D99AC2F}.Debug|x86.Build.0 = Debug|Any CPU
		{3FE47EDF-599B-44AD-9CBE-43F13D99AC2F}.Release|Any CPU.ActiveCfg = Release|Any CPU
		{3FE47EDF-599B-44AD-9CBE-43F13D99AC2F}.Release|Any CPU.Build.0 = Release|Any CPU
		{3FE47EDF-599B-44AD-9CBE-43F13D99AC2F}.Release|x64.ActiveCfg = Release|Any CPU
		{3FE47EDF-599B-44AD-9CBE-43F13D99AC2F}.Release|x64.Build.0 = Release|Any CPU
		{3FE47EDF-599B-44AD-9CBE-43F13D99AC2F}.Release|x86.ActiveCfg = Release|Any CPU
		{3FE47EDF-599B-44AD-9CBE-43F13D99AC2F}.Release|x86.Build.0 = Release|Any CPU
		{ED7AB774-9AD1-4C6D-B1D2-1CE18C72690E}.Debug|Any CPU.ActiveCfg = Debug|Any CPU
		{ED7AB774-9AD1-4C6D-B1D2-1CE18C72690E}.Debug|Any CPU.Build.0 = Debug|Any CPU
		{ED7AB774-9AD1-4C6D-B1D2-1CE18C72690E}.Debug|x64.ActiveCfg = Debug|Any CPU
		{ED7AB774-9AD1-4C6D-B1D2-1CE18C72690E}.Debug|x64.Build.0 = Debug|Any CPU
		{ED7AB774-9AD1-4C6D-B1D2-1CE18C72690E}.Debug|x86.ActiveCfg = Debug|Any CPU
		{ED7AB774-9AD1-4C6D-B1D2-1CE18C72690E}.Debug|x86.Build.0 = Debug|Any CPU
		{ED7AB774-9AD1-4C6D-B1D2-1CE18C72690E}.Release|Any CPU.ActiveCfg = Release|Any CPU
		{ED7AB774-9AD1-4C6D-B1D2-1CE18C72690E}.Release|Any CPU.Build.0 = Release|Any CPU
		{ED7AB774-9AD1-4C6D-B1D2-1CE18C72690E}.Release|x64.ActiveCfg = Release|Any CPU
		{ED7AB774-9AD1-4C6D-B1D2-1CE18C72690E}.Release|x64.Build.0 = Release|Any CPU
		{ED7AB774-9AD1-4C6D-B1D2-1CE18C72690E}.Release|x86.ActiveCfg = Release|Any CPU
		{ED7AB774-9AD1-4C6D-B1D2-1CE18C72690E}.Release|x86.Build.0 = Release|Any CPU
		{DD7DDCC0-CBDE-4A87-B469-DD0CFF1AAC94}.Debug|Any CPU.ActiveCfg = Debug|Any CPU
		{DD7DDCC0-CBDE-4A87-B469-DD0CFF1AAC94}.Debug|Any CPU.Build.0 = Debug|Any CPU
		{DD7DDCC0-CBDE-4A87-B469-DD0CFF1AAC94}.Debug|x64.ActiveCfg = Debug|Any CPU
		{DD7DDCC0-CBDE-4A87-B469-DD0CFF1AAC94}.Debug|x64.Build.0 = Debug|Any CPU
		{DD7DDCC0-CBDE-4A87-B469-DD0CFF1AAC94}.Debug|x86.ActiveCfg = Debug|Any CPU
		{DD7DDCC0-CBDE-4A87-B469-DD0CFF1AAC94}.Debug|x86.Build.0 = Debug|Any CPU
		{DD7DDCC0-CBDE-4A87-B469-DD0CFF1AAC94}.Release|Any CPU.ActiveCfg = Release|Any CPU
		{DD7DDCC0-CBDE-4A87-B469-DD0CFF1AAC94}.Release|Any CPU.Build.0 = Release|Any CPU
		{DD7DDCC0-CBDE-4A87-B469-DD0CFF1AAC94}.Release|x64.ActiveCfg = Release|Any CPU
		{DD7DDCC0-CBDE-4A87-B469-DD0CFF1AAC94}.Release|x64.Build.0 = Release|Any CPU
		{DD7DDCC0-CBDE-4A87-B469-DD0CFF1AAC94}.Release|x86.ActiveCfg = Release|Any CPU
		{DD7DDCC0-CBDE-4A87-B469-DD0CFF1AAC94}.Release|x86.Build.0 = Release|Any CPU
		{FE912142-69B6-4FEC-89B0-7EDA1BE0EC1D}.Debug|Any CPU.ActiveCfg = Debug|Any CPU
		{FE912142-69B6-4FEC-89B0-7EDA1BE0EC1D}.Debug|Any CPU.Build.0 = Debug|Any CPU
		{FE912142-69B6-4FEC-89B0-7EDA1BE0EC1D}.Debug|x64.ActiveCfg = Debug|x64
		{FE912142-69B6-4FEC-89B0-7EDA1BE0EC1D}.Debug|x64.Build.0 = Debug|x64
		{FE912142-69B6-4FEC-89B0-7EDA1BE0EC1D}.Debug|x86.ActiveCfg = Debug|x86
		{FE912142-69B6-4FEC-89B0-7EDA1BE0EC1D}.Debug|x86.Build.0 = Debug|x86
		{FE912142-69B6-4FEC-89B0-7EDA1BE0EC1D}.Release|Any CPU.ActiveCfg = Release|Any CPU
		{FE912142-69B6-4FEC-89B0-7EDA1BE0EC1D}.Release|Any CPU.Build.0 = Release|Any CPU
		{FE912142-69B6-4FEC-89B0-7EDA1BE0EC1D}.Release|x64.ActiveCfg = Release|x64
		{FE912142-69B6-4FEC-89B0-7EDA1BE0EC1D}.Release|x64.Build.0 = Release|x64
		{FE912142-69B6-4FEC-89B0-7EDA1BE0EC1D}.Release|x86.ActiveCfg = Release|x86
		{FE912142-69B6-4FEC-89B0-7EDA1BE0EC1D}.Release|x86.Build.0 = Release|x86
		{CDB55BB0-551F-40C1-9FD5-138268B048B5}.Debug|Any CPU.ActiveCfg = Debug|Any CPU
		{CDB55BB0-551F-40C1-9FD5-138268B048B5}.Debug|Any CPU.Build.0 = Debug|Any CPU
		{CDB55BB0-551F-40C1-9FD5-138268B048B5}.Debug|x64.ActiveCfg = Debug|x64
		{CDB55BB0-551F-40C1-9FD5-138268B048B5}.Debug|x64.Build.0 = Debug|x64
		{CDB55BB0-551F-40C1-9FD5-138268B048B5}.Debug|x86.ActiveCfg = Debug|x86
		{CDB55BB0-551F-40C1-9FD5-138268B048B5}.Debug|x86.Build.0 = Debug|x86
		{CDB55BB0-551F-40C1-9FD5-138268B048B5}.Release|Any CPU.ActiveCfg = Release|Any CPU
		{CDB55BB0-551F-40C1-9FD5-138268B048B5}.Release|Any CPU.Build.0 = Release|Any CPU
		{CDB55BB0-551F-40C1-9FD5-138268B048B5}.Release|x64.ActiveCfg = Release|x64
		{CDB55BB0-551F-40C1-9FD5-138268B048B5}.Release|x64.Build.0 = Release|x64
		{CDB55BB0-551F-40C1-9FD5-138268B048B5}.Release|x86.ActiveCfg = Release|x86
		{CDB55BB0-551F-40C1-9FD5-138268B048B5}.Release|x86.Build.0 = Release|x86
		{B59FCE45-F816-4B93-8182-4D884F0C076B}.Debug|Any CPU.ActiveCfg = Debug|Any CPU
		{B59FCE45-F816-4B93-8182-4D884F0C076B}.Debug|Any CPU.Build.0 = Debug|Any CPU
		{B59FCE45-F816-4B93-8182-4D884F0C076B}.Debug|x64.ActiveCfg = Debug|x64
		{B59FCE45-F816-4B93-8182-4D884F0C076B}.Debug|x64.Build.0 = Debug|x64
		{B59FCE45-F816-4B93-8182-4D884F0C076B}.Debug|x86.ActiveCfg = Debug|x86
		{B59FCE45-F816-4B93-8182-4D884F0C076B}.Debug|x86.Build.0 = Debug|x86
		{B59FCE45-F816-4B93-8182-4D884F0C076B}.Release|Any CPU.ActiveCfg = Release|Any CPU
		{B59FCE45-F816-4B93-8182-4D884F0C076B}.Release|Any CPU.Build.0 = Release|Any CPU
		{B59FCE45-F816-4B93-8182-4D884F0C076B}.Release|x64.ActiveCfg = Release|x64
		{B59FCE45-F816-4B93-8182-4D884F0C076B}.Release|x64.Build.0 = Release|x64
		{B59FCE45-F816-4B93-8182-4D884F0C076B}.Release|x86.ActiveCfg = Release|x86
		{B59FCE45-F816-4B93-8182-4D884F0C076B}.Release|x86.Build.0 = Release|x86
		{D8237AB8-79B6-4ED2-BB94-47404BA276CA}.Debug|Any CPU.ActiveCfg = Debug|Any CPU
		{D8237AB8-79B6-4ED2-BB94-47404BA276CA}.Debug|Any CPU.Build.0 = Debug|Any CPU
		{D8237AB8-79B6-4ED2-BB94-47404BA276CA}.Debug|x64.ActiveCfg = Debug|Any CPU
		{D8237AB8-79B6-4ED2-BB94-47404BA276CA}.Debug|x64.Build.0 = Debug|Any CPU
		{D8237AB8-79B6-4ED2-BB94-47404BA276CA}.Debug|x86.ActiveCfg = Debug|Any CPU
		{D8237AB8-79B6-4ED2-BB94-47404BA276CA}.Debug|x86.Build.0 = Debug|Any CPU
		{D8237AB8-79B6-4ED2-BB94-47404BA276CA}.Release|Any CPU.ActiveCfg = Release|Any CPU
		{D8237AB8-79B6-4ED2-BB94-47404BA276CA}.Release|Any CPU.Build.0 = Release|Any CPU
		{D8237AB8-79B6-4ED2-BB94-47404BA276CA}.Release|x64.ActiveCfg = Release|Any CPU
		{D8237AB8-79B6-4ED2-BB94-47404BA276CA}.Release|x64.Build.0 = Release|Any CPU
		{D8237AB8-79B6-4ED2-BB94-47404BA276CA}.Release|x86.ActiveCfg = Release|Any CPU
		{D8237AB8-79B6-4ED2-BB94-47404BA276CA}.Release|x86.Build.0 = Release|Any CPU
		{AF463F31-7229-4F98-B4F8-FD9C3345BDCF}.Debug|Any CPU.ActiveCfg = Debug|Any CPU
		{AF463F31-7229-4F98-B4F8-FD9C3345BDCF}.Debug|Any CPU.Build.0 = Debug|Any CPU
		{AF463F31-7229-4F98-B4F8-FD9C3345BDCF}.Debug|x64.ActiveCfg = Debug|Any CPU
		{AF463F31-7229-4F98-B4F8-FD9C3345BDCF}.Debug|x64.Build.0 = Debug|Any CPU
		{AF463F31-7229-4F98-B4F8-FD9C3345BDCF}.Debug|x86.ActiveCfg = Debug|Any CPU
		{AF463F31-7229-4F98-B4F8-FD9C3345BDCF}.Debug|x86.Build.0 = Debug|Any CPU
		{AF463F31-7229-4F98-B4F8-FD9C3345BDCF}.Release|Any CPU.ActiveCfg = Release|Any CPU
		{AF463F31-7229-4F98-B4F8-FD9C3345BDCF}.Release|Any CPU.Build.0 = Release|Any CPU
		{AF463F31-7229-4F98-B4F8-FD9C3345BDCF}.Release|x64.ActiveCfg = Release|Any CPU
		{AF463F31-7229-4F98-B4F8-FD9C3345BDCF}.Release|x64.Build.0 = Release|Any CPU
		{AF463F31-7229-4F98-B4F8-FD9C3345BDCF}.Release|x86.ActiveCfg = Release|Any CPU
		{AF463F31-7229-4F98-B4F8-FD9C3345BDCF}.Release|x86.Build.0 = Release|Any CPU
		{55F06EA8-4679-43EB-B55D-7C00A88DA823}.Debug|Any CPU.ActiveCfg = Debug|Any CPU
		{55F06EA8-4679-43EB-B55D-7C00A88DA823}.Debug|Any CPU.Build.0 = Debug|Any CPU
		{55F06EA8-4679-43EB-B55D-7C00A88DA823}.Debug|x64.ActiveCfg = Debug|Any CPU
		{55F06EA8-4679-43EB-B55D-7C00A88DA823}.Debug|x64.Build.0 = Debug|Any CPU
		{55F06EA8-4679-43EB-B55D-7C00A88DA823}.Debug|x86.ActiveCfg = Debug|Any CPU
		{55F06EA8-4679-43EB-B55D-7C00A88DA823}.Debug|x86.Build.0 = Debug|Any CPU
		{55F06EA8-4679-43EB-B55D-7C00A88DA823}.Release|Any CPU.ActiveCfg = Release|Any CPU
		{55F06EA8-4679-43EB-B55D-7C00A88DA823}.Release|Any CPU.Build.0 = Release|Any CPU
		{55F06EA8-4679-43EB-B55D-7C00A88DA823}.Release|x64.ActiveCfg = Release|Any CPU
		{55F06EA8-4679-43EB-B55D-7C00A88DA823}.Release|x64.Build.0 = Release|Any CPU
		{55F06EA8-4679-43EB-B55D-7C00A88DA823}.Release|x86.ActiveCfg = Release|Any CPU
		{55F06EA8-4679-43EB-B55D-7C00A88DA823}.Release|x86.Build.0 = Release|Any CPU
		{4112DC9F-0647-4FF6-AC96-8A22D24081B2}.Debug|Any CPU.ActiveCfg = Debug|Any CPU
		{4112DC9F-0647-4FF6-AC96-8A22D24081B2}.Debug|Any CPU.Build.0 = Debug|Any CPU
		{4112DC9F-0647-4FF6-AC96-8A22D24081B2}.Debug|x64.ActiveCfg = Debug|Any CPU
		{4112DC9F-0647-4FF6-AC96-8A22D24081B2}.Debug|x64.Build.0 = Debug|Any CPU
		{4112DC9F-0647-4FF6-AC96-8A22D24081B2}.Debug|x86.ActiveCfg = Debug|Any CPU
		{4112DC9F-0647-4FF6-AC96-8A22D24081B2}.Debug|x86.Build.0 = Debug|Any CPU
		{4112DC9F-0647-4FF6-AC96-8A22D24081B2}.Release|Any CPU.ActiveCfg = Release|Any CPU
		{4112DC9F-0647-4FF6-AC96-8A22D24081B2}.Release|Any CPU.Build.0 = Release|Any CPU
		{4112DC9F-0647-4FF6-AC96-8A22D24081B2}.Release|x64.ActiveCfg = Release|Any CPU
		{4112DC9F-0647-4FF6-AC96-8A22D24081B2}.Release|x64.Build.0 = Release|Any CPU
		{4112DC9F-0647-4FF6-AC96-8A22D24081B2}.Release|x86.ActiveCfg = Release|Any CPU
		{4112DC9F-0647-4FF6-AC96-8A22D24081B2}.Release|x86.Build.0 = Release|Any CPU
		{529CAB9E-B59F-41CF-8A01-FCB3E823CACC}.Debug|Any CPU.ActiveCfg = Debug|Any CPU
		{529CAB9E-B59F-41CF-8A01-FCB3E823CACC}.Debug|Any CPU.Build.0 = Debug|Any CPU
		{529CAB9E-B59F-41CF-8A01-FCB3E823CACC}.Debug|x64.ActiveCfg = Debug|Any CPU
		{529CAB9E-B59F-41CF-8A01-FCB3E823CACC}.Debug|x64.Build.0 = Debug|Any CPU
		{529CAB9E-B59F-41CF-8A01-FCB3E823CACC}.Debug|x86.ActiveCfg = Debug|Any CPU
		{529CAB9E-B59F-41CF-8A01-FCB3E823CACC}.Debug|x86.Build.0 = Debug|Any CPU
		{529CAB9E-B59F-41CF-8A01-FCB3E823CACC}.Release|Any CPU.ActiveCfg = Release|Any CPU
		{529CAB9E-B59F-41CF-8A01-FCB3E823CACC}.Release|Any CPU.Build.0 = Release|Any CPU
		{529CAB9E-B59F-41CF-8A01-FCB3E823CACC}.Release|x64.ActiveCfg = Release|Any CPU
		{529CAB9E-B59F-41CF-8A01-FCB3E823CACC}.Release|x64.Build.0 = Release|Any CPU
		{529CAB9E-B59F-41CF-8A01-FCB3E823CACC}.Release|x86.ActiveCfg = Release|Any CPU
		{529CAB9E-B59F-41CF-8A01-FCB3E823CACC}.Release|x86.Build.0 = Release|Any CPU
		{346AB167-4F54-4880-B17A-5C28FDB4D2BB}.Debug|Any CPU.ActiveCfg = Debug|Any CPU
		{346AB167-4F54-4880-B17A-5C28FDB4D2BB}.Debug|Any CPU.Build.0 = Debug|Any CPU
		{346AB167-4F54-4880-B17A-5C28FDB4D2BB}.Debug|x64.ActiveCfg = Debug|Any CPU
		{346AB167-4F54-4880-B17A-5C28FDB4D2BB}.Debug|x64.Build.0 = Debug|Any CPU
		{346AB167-4F54-4880-B17A-5C28FDB4D2BB}.Debug|x86.ActiveCfg = Debug|Any CPU
		{346AB167-4F54-4880-B17A-5C28FDB4D2BB}.Debug|x86.Build.0 = Debug|Any CPU
		{346AB167-4F54-4880-B17A-5C28FDB4D2BB}.Release|Any CPU.ActiveCfg = Release|Any CPU
		{346AB167-4F54-4880-B17A-5C28FDB4D2BB}.Release|Any CPU.Build.0 = Release|Any CPU
		{346AB167-4F54-4880-B17A-5C28FDB4D2BB}.Release|x64.ActiveCfg = Release|Any CPU
		{346AB167-4F54-4880-B17A-5C28FDB4D2BB}.Release|x64.Build.0 = Release|Any CPU
		{346AB167-4F54-4880-B17A-5C28FDB4D2BB}.Release|x86.ActiveCfg = Release|Any CPU
		{346AB167-4F54-4880-B17A-5C28FDB4D2BB}.Release|x86.Build.0 = Release|Any CPU
		{A993493B-F6C8-430C-BA3A-389F3E8CBA8F}.Debug|Any CPU.ActiveCfg = Debug|Any CPU
		{A993493B-F6C8-430C-BA3A-389F3E8CBA8F}.Debug|Any CPU.Build.0 = Debug|Any CPU
		{A993493B-F6C8-430C-BA3A-389F3E8CBA8F}.Debug|x64.ActiveCfg = Debug|Any CPU
		{A993493B-F6C8-430C-BA3A-389F3E8CBA8F}.Debug|x64.Build.0 = Debug|Any CPU
		{A993493B-F6C8-430C-BA3A-389F3E8CBA8F}.Debug|x86.ActiveCfg = Debug|Any CPU
		{A993493B-F6C8-430C-BA3A-389F3E8CBA8F}.Debug|x86.Build.0 = Debug|Any CPU
		{A993493B-F6C8-430C-BA3A-389F3E8CBA8F}.Release|Any CPU.ActiveCfg = Release|Any CPU
		{A993493B-F6C8-430C-BA3A-389F3E8CBA8F}.Release|Any CPU.Build.0 = Release|Any CPU
		{A993493B-F6C8-430C-BA3A-389F3E8CBA8F}.Release|x64.ActiveCfg = Release|Any CPU
		{A993493B-F6C8-430C-BA3A-389F3E8CBA8F}.Release|x64.Build.0 = Release|Any CPU
		{A993493B-F6C8-430C-BA3A-389F3E8CBA8F}.Release|x86.ActiveCfg = Release|Any CPU
		{A993493B-F6C8-430C-BA3A-389F3E8CBA8F}.Release|x86.Build.0 = Release|Any CPU
		{982ABBFD-9569-4725-AEAD-5BB75DC18A7D}.Debug|Any CPU.ActiveCfg = Debug|Any CPU
		{982ABBFD-9569-4725-AEAD-5BB75DC18A7D}.Debug|Any CPU.Build.0 = Debug|Any CPU
		{982ABBFD-9569-4725-AEAD-5BB75DC18A7D}.Debug|x64.ActiveCfg = Debug|Any CPU
		{982ABBFD-9569-4725-AEAD-5BB75DC18A7D}.Debug|x64.Build.0 = Debug|Any CPU
		{982ABBFD-9569-4725-AEAD-5BB75DC18A7D}.Debug|x86.ActiveCfg = Debug|Any CPU
		{982ABBFD-9569-4725-AEAD-5BB75DC18A7D}.Debug|x86.Build.0 = Debug|Any CPU
		{982ABBFD-9569-4725-AEAD-5BB75DC18A7D}.Release|Any CPU.ActiveCfg = Release|Any CPU
		{982ABBFD-9569-4725-AEAD-5BB75DC18A7D}.Release|Any CPU.Build.0 = Release|Any CPU
		{982ABBFD-9569-4725-AEAD-5BB75DC18A7D}.Release|x64.ActiveCfg = Release|Any CPU
		{982ABBFD-9569-4725-AEAD-5BB75DC18A7D}.Release|x64.Build.0 = Release|Any CPU
		{982ABBFD-9569-4725-AEAD-5BB75DC18A7D}.Release|x86.ActiveCfg = Release|Any CPU
		{982ABBFD-9569-4725-AEAD-5BB75DC18A7D}.Release|x86.Build.0 = Release|Any CPU
		{46830595-D4F0-4F6D-9B96-96ECCA271DBB}.Debug|Any CPU.ActiveCfg = Debug|Any CPU
		{46830595-D4F0-4F6D-9B96-96ECCA271DBB}.Debug|Any CPU.Build.0 = Debug|Any CPU
		{46830595-D4F0-4F6D-9B96-96ECCA271DBB}.Debug|x64.ActiveCfg = Debug|Any CPU
		{46830595-D4F0-4F6D-9B96-96ECCA271DBB}.Debug|x64.Build.0 = Debug|Any CPU
		{46830595-D4F0-4F6D-9B96-96ECCA271DBB}.Debug|x86.ActiveCfg = Debug|Any CPU
		{46830595-D4F0-4F6D-9B96-96ECCA271DBB}.Debug|x86.Build.0 = Debug|Any CPU
		{46830595-D4F0-4F6D-9B96-96ECCA271DBB}.Release|Any CPU.ActiveCfg = Release|Any CPU
		{46830595-D4F0-4F6D-9B96-96ECCA271DBB}.Release|Any CPU.Build.0 = Release|Any CPU
		{46830595-D4F0-4F6D-9B96-96ECCA271DBB}.Release|x64.ActiveCfg = Release|Any CPU
		{46830595-D4F0-4F6D-9B96-96ECCA271DBB}.Release|x64.Build.0 = Release|Any CPU
		{46830595-D4F0-4F6D-9B96-96ECCA271DBB}.Release|x86.ActiveCfg = Release|Any CPU
		{46830595-D4F0-4F6D-9B96-96ECCA271DBB}.Release|x86.Build.0 = Release|Any CPU
		{5A2A9EEE-09F0-40C1-AA86-A6DE35178CC1}.Debug|Any CPU.ActiveCfg = Debug|Any CPU
		{5A2A9EEE-09F0-40C1-AA86-A6DE35178CC1}.Debug|Any CPU.Build.0 = Debug|Any CPU
		{5A2A9EEE-09F0-40C1-AA86-A6DE35178CC1}.Debug|x64.ActiveCfg = Debug|Any CPU
		{5A2A9EEE-09F0-40C1-AA86-A6DE35178CC1}.Debug|x64.Build.0 = Debug|Any CPU
		{5A2A9EEE-09F0-40C1-AA86-A6DE35178CC1}.Debug|x86.ActiveCfg = Debug|Any CPU
		{5A2A9EEE-09F0-40C1-AA86-A6DE35178CC1}.Debug|x86.Build.0 = Debug|Any CPU
		{5A2A9EEE-09F0-40C1-AA86-A6DE35178CC1}.Release|Any CPU.ActiveCfg = Release|Any CPU
		{5A2A9EEE-09F0-40C1-AA86-A6DE35178CC1}.Release|Any CPU.Build.0 = Release|Any CPU
		{5A2A9EEE-09F0-40C1-AA86-A6DE35178CC1}.Release|x64.ActiveCfg = Release|Any CPU
		{5A2A9EEE-09F0-40C1-AA86-A6DE35178CC1}.Release|x64.Build.0 = Release|Any CPU
		{5A2A9EEE-09F0-40C1-AA86-A6DE35178CC1}.Release|x86.ActiveCfg = Release|Any CPU
		{5A2A9EEE-09F0-40C1-AA86-A6DE35178CC1}.Release|x86.Build.0 = Release|Any CPU
		{48D1E99E-2FAD-481F-B5D4-AB72AB017EBE}.Debug|Any CPU.ActiveCfg = Debug|Any CPU
		{48D1E99E-2FAD-481F-B5D4-AB72AB017EBE}.Debug|Any CPU.Build.0 = Debug|Any CPU
		{48D1E99E-2FAD-481F-B5D4-AB72AB017EBE}.Debug|x64.ActiveCfg = Debug|Any CPU
		{48D1E99E-2FAD-481F-B5D4-AB72AB017EBE}.Debug|x64.Build.0 = Debug|Any CPU
		{48D1E99E-2FAD-481F-B5D4-AB72AB017EBE}.Debug|x86.ActiveCfg = Debug|Any CPU
		{48D1E99E-2FAD-481F-B5D4-AB72AB017EBE}.Debug|x86.Build.0 = Debug|Any CPU
		{48D1E99E-2FAD-481F-B5D4-AB72AB017EBE}.Release|Any CPU.ActiveCfg = Release|Any CPU
		{48D1E99E-2FAD-481F-B5D4-AB72AB017EBE}.Release|Any CPU.Build.0 = Release|Any CPU
		{48D1E99E-2FAD-481F-B5D4-AB72AB017EBE}.Release|x64.ActiveCfg = Release|Any CPU
		{48D1E99E-2FAD-481F-B5D4-AB72AB017EBE}.Release|x64.Build.0 = Release|Any CPU
		{48D1E99E-2FAD-481F-B5D4-AB72AB017EBE}.Release|x86.ActiveCfg = Release|Any CPU
		{48D1E99E-2FAD-481F-B5D4-AB72AB017EBE}.Release|x86.Build.0 = Release|Any CPU
		{683C64F4-9881-42B4-88F5-626786B4524D}.Debug|Any CPU.ActiveCfg = Debug|Any CPU
		{683C64F4-9881-42B4-88F5-626786B4524D}.Debug|Any CPU.Build.0 = Debug|Any CPU
		{683C64F4-9881-42B4-88F5-626786B4524D}.Debug|x64.ActiveCfg = Debug|Any CPU
		{683C64F4-9881-42B4-88F5-626786B4524D}.Debug|x64.Build.0 = Debug|Any CPU
		{683C64F4-9881-42B4-88F5-626786B4524D}.Debug|x86.ActiveCfg = Debug|Any CPU
		{683C64F4-9881-42B4-88F5-626786B4524D}.Debug|x86.Build.0 = Debug|Any CPU
		{683C64F4-9881-42B4-88F5-626786B4524D}.Release|Any CPU.ActiveCfg = Release|Any CPU
		{683C64F4-9881-42B4-88F5-626786B4524D}.Release|Any CPU.Build.0 = Release|Any CPU
		{683C64F4-9881-42B4-88F5-626786B4524D}.Release|x64.ActiveCfg = Release|Any CPU
		{683C64F4-9881-42B4-88F5-626786B4524D}.Release|x64.Build.0 = Release|Any CPU
		{683C64F4-9881-42B4-88F5-626786B4524D}.Release|x86.ActiveCfg = Release|Any CPU
		{683C64F4-9881-42B4-88F5-626786B4524D}.Release|x86.Build.0 = Release|Any CPU
	EndGlobalSection
	GlobalSection(SolutionProperties) = preSolution
		HideSolutionNode = FALSE
	EndGlobalSection
	GlobalSection(NestedProjects) = preSolution
		{529FAF58-1C82-4F07-AEFA-01589A99BA14} = {D4A61277-7DCB-42A5-B518-C03ECA6B383A}
		{9C97CADF-3C9A-4B91-97BB-135001820939} = {D4A61277-7DCB-42A5-B518-C03ECA6B383A}
		{1FEECF3C-ACFA-4FCE-86A5-5CCB4B99EC75} = {50C345F2-31A5-4BC7-823D-A236BBBBAE61}
		{69BBC64F-1EEB-4A16-9FCE-7667BA0C0338} = {50C345F2-31A5-4BC7-823D-A236BBBBAE61}
		{B207E69F-C517-4157-963B-606DAD4B3131} = {91E7691E-9A38-4BD3-A386-BAA0126DDB0D}
		{BDDBBF23-D76E-4805-8A70-2868C40CB2E9} = {91E7691E-9A38-4BD3-A386-BAA0126DDB0D}
		{B508AEDC-BAFE-4014-B008-66AD004A95F7} = {6EE9FA2F-2DA3-4B7C-A0F9-01CF135B25CD}
		{2C45C8E7-48CE-46E3-AED1-53B85E08313B} = {6EE9FA2F-2DA3-4B7C-A0F9-01CF135B25CD}
		{3FF48D5E-82B1-4916-8EE2-408BCEE5AE9F} = {7D5201C8-1E4E-46DA-A50C-A30135AA812D}
		{53B64284-AEED-4686-A756-86344CEBF8D3} = {7D5201C8-1E4E-46DA-A50C-A30135AA812D}
		{F06010F9-F54D-48C4-84E1-8FD28FE464B4} = {039660B7-7E25-4B95-B786-6B1C2DEA1416}
		{E75EDD56-8765-4FBC-9ECB-7A96459054DA} = {039660B7-7E25-4B95-B786-6B1C2DEA1416}
		{D434E04D-CFEC-4ED8-8414-C5D9BDF9112C} = {1FB65F54-51A0-4CE4-B3DC-7A180B060B37}
		{9A04B8FE-B0C0-44A4-A6FA-D85EDE7DD149} = {1FB65F54-51A0-4CE4-B3DC-7A180B060B37}
		{54844CFE-48B1-4762-B092-11F0471B058C} = {1FB65F54-51A0-4CE4-B3DC-7A180B060B37}
		{0730DB64-8173-4788-962D-2F6776F9F516} = {1FB65F54-51A0-4CE4-B3DC-7A180B060B37}
		{CBF95D7D-4376-4B61-89E2-A0168D5AFEF8} = {A0A6DA9D-41E2-4224-A576-D7FB8BF60584}
		{49FADF7B-B738-495A-A37E-DF957D7E7C07} = {A0A6DA9D-41E2-4224-A576-D7FB8BF60584}
		{BC18B6E3-A11E-4F1C-9710-DBF46ED1472A} = {F87A7478-3109-4C59-8B12-DC236E051ABF}
		{CF77DA73-EF59-409A-9BF3-8E26451D2593} = {F87A7478-3109-4C59-8B12-DC236E051ABF}
		{BF330897-5070-4A0F-B415-95DDD8EB3372} = {BF1FE7DC-7FAB-48D1-9CB8-C859A2DE3BC5}
		{6FB23B66-CC8E-4CDB-B4A0-97A28A95D581} = {BF1FE7DC-7FAB-48D1-9CB8-C859A2DE3BC5}
		{E0F0AD5C-D408-4A66-BDD1-5A3B4074E6EA} = {CBE246B3-9BA9-45CA-8BA1-BBE3D5827567}
		{521FCDB1-9408-4011-8308-54A88430ADA5} = {CBE246B3-9BA9-45CA-8BA1-BBE3D5827567}
		{6983C031-9321-4AC2-AF72-3C7FCF6FC1E2} = {73BD539F-62F7-4503-8369-B3FA17110F20}
		{5FFE844E-4674-4A69-9F18-2122C5C27BC8} = {73BD539F-62F7-4503-8369-B3FA17110F20}
		{99F33DD1-719E-456C-9164-2E96E15F524A} = {DD61FC0E-5F0E-497E-850E-0424E95424E6}
		{1FD08AC5-F5DC-4A9D-9883-FD55AE14B526} = {DD61FC0E-5F0E-497E-850E-0424E95424E6}
		{9202A56F-EF37-4B6F-AF2A-5AF8A844546A} = {DD61FC0E-5F0E-497E-850E-0424E95424E6}
		{CAFD7B82-CE5A-4914-BF8E-661C6A156B5C} = {DD61FC0E-5F0E-497E-850E-0424E95424E6}
		{DC7B20D0-B1D4-40E1-AF98-7C4DB3291A8D} = {2AEE08F8-5D9C-44D3-9F15-74F31D6D98A0}
		{18F628C8-FD7C-44BC-8D1E-044A701FB864} = {2AEE08F8-5D9C-44D3-9F15-74F31D6D98A0}
		{CB873AC9-C282-45BD-B35C-747B7D4AE2EE} = {2AEE08F8-5D9C-44D3-9F15-74F31D6D98A0}
		{E3334D5D-CA6E-4646-A682-49C55FB269A6} = {A5E2C705-9196-4750-9B80-3449A3B26506}
		{58E842E9-6B0A-4BCA-A5CA-7A73F3063186} = {A5E2C705-9196-4750-9B80-3449A3B26506}
		{785B6DED-3A26-465A-9681-196B5039C256} = {A5E2C705-9196-4750-9B80-3449A3B26506}
		{9DD7BFE5-184F-4F92-A612-1AB9F13C12B0} = {3907E4D2-1BB9-4CE2-9CDD-47F5416EA80C}
		{CEF44002-F0DF-474D-B865-FD58077D9A1E} = {3907E4D2-1BB9-4CE2-9CDD-47F5416EA80C}
		{18E0249F-9B17-4A9F-B6D8-65B2420E431D} = {3907E4D2-1BB9-4CE2-9CDD-47F5416EA80C}
		{62B0DAC4-1FD7-4D5A-BFE3-4DD1A96584E1} = {8040696D-3037-4A4E-9269-0186B69D5670}
		{52E0B31D-5379-45BA-9026-CADA02CBB95D} = {8040696D-3037-4A4E-9269-0186B69D5670}
		{F9CB03BC-D693-4251-9F5E-E2856E0402C9} = {8040696D-3037-4A4E-9269-0186B69D5670}
		{834C161E-5905-4E7B-8B76-11FBABDBEF65} = {ED7CF7A9-7446-4730-B077-0FA601D636A5}
		{3FE47EDF-599B-44AD-9CBE-43F13D99AC2F} = {ED7CF7A9-7446-4730-B077-0FA601D636A5}
		{ED7AB774-9AD1-4C6D-B1D2-1CE18C72690E} = {80DAD240-C4C9-4613-B237-D0AF29C07F5C}
		{DD7DDCC0-CBDE-4A87-B469-DD0CFF1AAC94} = {80DAD240-C4C9-4613-B237-D0AF29C07F5C}
		{FE912142-69B6-4FEC-89B0-7EDA1BE0EC1D} = {286D0A31-68CF-4432-A49D-02912D438BD5}
		{CDB55BB0-551F-40C1-9FD5-138268B048B5} = {286D0A31-68CF-4432-A49D-02912D438BD5}
		{B59FCE45-F816-4B93-8182-4D884F0C076B} = {95E70194-E0D6-4621-8EB8-E5E6AB892CF4}
		{D8237AB8-79B6-4ED2-BB94-47404BA276CA} = {95E70194-E0D6-4621-8EB8-E5E6AB892CF4}
		{AF463F31-7229-4F98-B4F8-FD9C3345BDCF} = {BA338EDE-0CF6-412E-BDC4-BBAB52A29C51}
		{55F06EA8-4679-43EB-B55D-7C00A88DA823} = {BA338EDE-0CF6-412E-BDC4-BBAB52A29C51}
		{4112DC9F-0647-4FF6-AC96-8A22D24081B2} = {BA338EDE-0CF6-412E-BDC4-BBAB52A29C51}
		{346AB167-4F54-4880-B17A-5C28FDB4D2BB} = {D192AF82-38BC-455D-AF0A-77635F31440B}
		{A993493B-F6C8-430C-BA3A-389F3E8CBA8F} = {D192AF82-38BC-455D-AF0A-77635F31440B}
		{982ABBFD-9569-4725-AEAD-5BB75DC18A7D} = {A53A2454-B2B4-40CA-B819-BEF6FA401D0D}
		{46830595-D4F0-4F6D-9B96-96ECCA271DBB} = {A53A2454-B2B4-40CA-B819-BEF6FA401D0D}
		{5A2A9EEE-09F0-40C1-AA86-A6DE35178CC1} = {A53A2454-B2B4-40CA-B819-BEF6FA401D0D}
		{48D1E99E-2FAD-481F-B5D4-AB72AB017EBE} = {0839BB21-AA55-403C-9332-46F589A431BB}
		{683C64F4-9881-42B4-88F5-626786B4524D} = {0839BB21-AA55-403C-9332-46F589A431BB}
	EndGlobalSection
	GlobalSection(ExtensibilityGlobals) = postSolution
		SolutionGuid = {24454D95-F28E-433D-9DFB-5C32A9C38DA4}
	EndGlobalSection
EndGlobal
